// !$*UTF8*$!
{
	archiveVersion = 1;
	classes = {
	};
	objectVersion = 46;
	objects = {

/* Begin PBXBuildFile section */
		67BBC4FA161B6472002E5CC4 /* QuartzCore.framework in Frameworks */ = {isa = PBXBuildFile; fileRef = 67BBC4F9161B6472002E5CC4 /* QuartzCore.framework */; };
		67BBC4FC161B6472002E5CC4 /* OpenGLES.framework in Frameworks */ = {isa = PBXBuildFile; fileRef = 67BBC4FB161B6472002E5CC4 /* OpenGLES.framework */; };
		67BBC4FE161B6472002E5CC4 /* OpenAL.framework in Frameworks */ = {isa = PBXBuildFile; fileRef = 67BBC4FD161B6472002E5CC4 /* OpenAL.framework */; };
		67BBC500161B6472002E5CC4 /* AudioToolbox.framework in Frameworks */ = {isa = PBXBuildFile; fileRef = 67BBC4FF161B6472002E5CC4 /* AudioToolbox.framework */; };
		67BBC502161B6472002E5CC4 /* AVFoundation.framework in Frameworks */ = {isa = PBXBuildFile; fileRef = 67BBC501161B6472002E5CC4 /* AVFoundation.framework */; };
		67BBC504161B6472002E5CC4 /* UIKit.framework in Frameworks */ = {isa = PBXBuildFile; fileRef = 67BBC503161B6472002E5CC4 /* UIKit.framework */; };
		67BBC506161B6472002E5CC4 /* Foundation.framework in Frameworks */ = {isa = PBXBuildFile; fileRef = 67BBC505161B6472002E5CC4 /* Foundation.framework */; };
		67BBC508161B6472002E5CC4 /* CoreGraphics.framework in Frameworks */ = {isa = PBXBuildFile; fileRef = 67BBC507161B6472002E5CC4 /* CoreGraphics.framework */; };
		67BBC50C161B6472002E5CC4 /* Default.png in Resources */ = {isa = PBXBuildFile; fileRef = 67BBC50B161B6472002E5CC4 /* Default.png */; };
		67BBC50E161B6472002E5CC4 /* fps_images.png in Resources */ = {isa = PBXBuildFile; fileRef = 67BBC50D161B6472002E5CC4 /* fps_images.png */; };
		67BBC510161B6472002E5CC4 /* Icon-72.png in Resources */ = {isa = PBXBuildFile; fileRef = 67BBC50F161B6472002E5CC4 /* Icon-72.png */; };
		67BBC512161B6472002E5CC4 /* Icon-Small-50.png in Resources */ = {isa = PBXBuildFile; fileRef = 67BBC511161B6472002E5CC4 /* Icon-Small-50.png */; };
		67BBC514161B6472002E5CC4 /* Icon-Small.png in Resources */ = {isa = PBXBuildFile; fileRef = 67BBC513161B6472002E5CC4 /* Icon-Small.png */; };
		67BBC516161B6472002E5CC4 /* Icon-Small@2x.png in Resources */ = {isa = PBXBuildFile; fileRef = 67BBC515161B6472002E5CC4 /* Icon-Small@2x.png */; };
		67BBC518161B6472002E5CC4 /* Icon.png in Resources */ = {isa = PBXBuildFile; fileRef = 67BBC517161B6472002E5CC4 /* Icon.png */; };
		67BBC51A161B6472002E5CC4 /* Icon@2x.png in Resources */ = {isa = PBXBuildFile; fileRef = 67BBC519161B6472002E5CC4 /* Icon@2x.png */; };
		67BBC51D161B6472002E5CC4 /* iTunesArtwork in Resources */ = {isa = PBXBuildFile; fileRef = 67BBC51C161B6472002E5CC4 /* iTunesArtwork */; };
		67BBC522161B6472002E5CC4 /* CCAction.m in Sources */ = {isa = PBXBuildFile; fileRef = 67BBC521161B6472002E5CC4 /* CCAction.m */; };
		67BBC525161B6472002E5CC4 /* CCActionCamera.m in Sources */ = {isa = PBXBuildFile; fileRef = 67BBC524161B6472002E5CC4 /* CCActionCamera.m */; };
		67BBC528161B6472002E5CC4 /* CCActionEase.m in Sources */ = {isa = PBXBuildFile; fileRef = 67BBC527161B6472002E5CC4 /* CCActionEase.m */; };
		67BBC52B161B6472002E5CC4 /* CCActionGrid.m in Sources */ = {isa = PBXBuildFile; fileRef = 67BBC52A161B6472002E5CC4 /* CCActionGrid.m */; };
		67BBC52E161B6472002E5CC4 /* CCActionGrid3D.m in Sources */ = {isa = PBXBuildFile; fileRef = 67BBC52D161B6472002E5CC4 /* CCActionGrid3D.m */; };
		67BBC531161B6472002E5CC4 /* CCActionInstant.m in Sources */ = {isa = PBXBuildFile; fileRef = 67BBC530161B6472002E5CC4 /* CCActionInstant.m */; };
		67BBC534161B6472002E5CC4 /* CCActionInterval.m in Sources */ = {isa = PBXBuildFile; fileRef = 67BBC533161B6472002E5CC4 /* CCActionInterval.m */; };
		67BBC537161B6472002E5CC4 /* CCActionManager.m in Sources */ = {isa = PBXBuildFile; fileRef = 67BBC536161B6472002E5CC4 /* CCActionManager.m */; };
		67BBC53A161B6472002E5CC4 /* CCActionPageTurn3D.m in Sources */ = {isa = PBXBuildFile; fileRef = 67BBC539161B6472002E5CC4 /* CCActionPageTurn3D.m */; };
		67BBC53D161B6472002E5CC4 /* CCActionProgressTimer.m in Sources */ = {isa = PBXBuildFile; fileRef = 67BBC53C161B6472002E5CC4 /* CCActionProgressTimer.m */; };
		67BBC540161B6472002E5CC4 /* CCActionTiledGrid.m in Sources */ = {isa = PBXBuildFile; fileRef = 67BBC53F161B6472002E5CC4 /* CCActionTiledGrid.m */; };
		67BBC543161B6472002E5CC4 /* CCActionTween.m in Sources */ = {isa = PBXBuildFile; fileRef = 67BBC542161B6472002E5CC4 /* CCActionTween.m */; };
		67BBC546161B6472002E5CC4 /* CCAnimation.m in Sources */ = {isa = PBXBuildFile; fileRef = 67BBC545161B6472002E5CC4 /* CCAnimation.m */; };
		67BBC549161B6472002E5CC4 /* CCAnimationCache.m in Sources */ = {isa = PBXBuildFile; fileRef = 67BBC548161B6472002E5CC4 /* CCAnimationCache.m */; };
		67BBC54C161B6472002E5CC4 /* CCAtlasNode.m in Sources */ = {isa = PBXBuildFile; fileRef = 67BBC54B161B6472002E5CC4 /* CCAtlasNode.m */; };
		67BBC54F161B6472002E5CC4 /* CCBlockSupport.m in Sources */ = {isa = PBXBuildFile; fileRef = 67BBC54E161B6472002E5CC4 /* CCBlockSupport.m */; };
		67BBC552161B6472002E5CC4 /* CCCamera.m in Sources */ = {isa = PBXBuildFile; fileRef = 67BBC551161B6472002E5CC4 /* CCCamera.m */; };
		67BBC556161B6472002E5CC4 /* CCConfiguration.m in Sources */ = {isa = PBXBuildFile; fileRef = 67BBC555161B6472002E5CC4 /* CCConfiguration.m */; };
		67BBC559161B6472002E5CC4 /* CCDirector.m in Sources */ = {isa = PBXBuildFile; fileRef = 67BBC558161B6472002E5CC4 /* CCDirector.m */; };
		67BBC55C161B6472002E5CC4 /* CCDrawingPrimitives.m in Sources */ = {isa = PBXBuildFile; fileRef = 67BBC55B161B6472002E5CC4 /* CCDrawingPrimitives.m */; };
		67BBC55F161B6472002E5CC4 /* CCGrabber.m in Sources */ = {isa = PBXBuildFile; fileRef = 67BBC55E161B6472002E5CC4 /* CCGrabber.m */; };
		67BBC562161B6472002E5CC4 /* CCGrid.m in Sources */ = {isa = PBXBuildFile; fileRef = 67BBC561161B6472002E5CC4 /* CCGrid.m */; };
		67BBC565161B6472002E5CC4 /* CCLabelAtlas.m in Sources */ = {isa = PBXBuildFile; fileRef = 67BBC564161B6472002E5CC4 /* CCLabelAtlas.m */; };
		67BBC568161B6472002E5CC4 /* CCLabelBMFont.m in Sources */ = {isa = PBXBuildFile; fileRef = 67BBC567161B6472002E5CC4 /* CCLabelBMFont.m */; };
		67BBC56B161B6472002E5CC4 /* CCLabelTTF.m in Sources */ = {isa = PBXBuildFile; fileRef = 67BBC56A161B6472002E5CC4 /* CCLabelTTF.m */; };
		67BBC56E161B6472002E5CC4 /* CCLayer.m in Sources */ = {isa = PBXBuildFile; fileRef = 67BBC56D161B6472002E5CC4 /* CCLayer.m */; };
		67BBC572161B6472002E5CC4 /* CCMenu.m in Sources */ = {isa = PBXBuildFile; fileRef = 67BBC571161B6472002E5CC4 /* CCMenu.m */; };
		67BBC575161B6472002E5CC4 /* CCMenuItem.m in Sources */ = {isa = PBXBuildFile; fileRef = 67BBC574161B6472002E5CC4 /* CCMenuItem.m */; };
		67BBC578161B6472002E5CC4 /* CCMotionStreak.m in Sources */ = {isa = PBXBuildFile; fileRef = 67BBC577161B6472002E5CC4 /* CCMotionStreak.m */; };
		67BBC57B161B6472002E5CC4 /* CCNode.m in Sources */ = {isa = PBXBuildFile; fileRef = 67BBC57A161B6472002E5CC4 /* CCNode.m */; };
		67BBC57E161B6472002E5CC4 /* CCParallaxNode.m in Sources */ = {isa = PBXBuildFile; fileRef = 67BBC57D161B6472002E5CC4 /* CCParallaxNode.m */; };
		67BBC581161B6472002E5CC4 /* CCParticleBatchNode.m in Sources */ = {isa = PBXBuildFile; fileRef = 67BBC580161B6472002E5CC4 /* CCParticleBatchNode.m */; };
		67BBC584161B6472002E5CC4 /* CCParticleExamples.m in Sources */ = {isa = PBXBuildFile; fileRef = 67BBC583161B6472002E5CC4 /* CCParticleExamples.m */; };
		67BBC587161B6472002E5CC4 /* CCParticleSystem.m in Sources */ = {isa = PBXBuildFile; fileRef = 67BBC586161B6472002E5CC4 /* CCParticleSystem.m */; };
		67BBC58A161B6472002E5CC4 /* CCParticleSystemPoint.m in Sources */ = {isa = PBXBuildFile; fileRef = 67BBC589161B6472002E5CC4 /* CCParticleSystemPoint.m */; };
		67BBC58D161B6472002E5CC4 /* CCParticleSystemQuad.m in Sources */ = {isa = PBXBuildFile; fileRef = 67BBC58C161B6472002E5CC4 /* CCParticleSystemQuad.m */; };
		67BBC590161B6472002E5CC4 /* CCProgressTimer.m in Sources */ = {isa = PBXBuildFile; fileRef = 67BBC58F161B6472002E5CC4 /* CCProgressTimer.m */; };
		67BBC594161B6472002E5CC4 /* CCRenderTexture.m in Sources */ = {isa = PBXBuildFile; fileRef = 67BBC593161B6472002E5CC4 /* CCRenderTexture.m */; };
		67BBC597161B6472002E5CC4 /* CCRibbon.m in Sources */ = {isa = PBXBuildFile; fileRef = 67BBC596161B6472002E5CC4 /* CCRibbon.m */; };
		67BBC59A161B6472002E5CC4 /* CCScene.m in Sources */ = {isa = PBXBuildFile; fileRef = 67BBC599161B6472002E5CC4 /* CCScene.m */; };
		67BBC59D161B6472002E5CC4 /* CCScheduler.m in Sources */ = {isa = PBXBuildFile; fileRef = 67BBC59C161B6472002E5CC4 /* CCScheduler.m */; };
		67BBC5A0161B6472002E5CC4 /* CCSprite.m in Sources */ = {isa = PBXBuildFile; fileRef = 67BBC59F161B6472002E5CC4 /* CCSprite.m */; };
		67BBC5A3161B6472002E5CC4 /* CCSpriteBatchNode.m in Sources */ = {isa = PBXBuildFile; fileRef = 67BBC5A2161B6472002E5CC4 /* CCSpriteBatchNode.m */; };
		67BBC5A6161B6472002E5CC4 /* CCSpriteFrame.m in Sources */ = {isa = PBXBuildFile; fileRef = 67BBC5A5161B6472002E5CC4 /* CCSpriteFrame.m */; };
		67BBC5A9161B6472002E5CC4 /* CCSpriteFrameCache.m in Sources */ = {isa = PBXBuildFile; fileRef = 67BBC5A8161B6472002E5CC4 /* CCSpriteFrameCache.m */; };
		67BBC5AC161B6473002E5CC4 /* CCTexture2D.m in Sources */ = {isa = PBXBuildFile; fileRef = 67BBC5AB161B6473002E5CC4 /* CCTexture2D.m */; };
		67BBC5AF161B6473002E5CC4 /* CCTextureAtlas.m in Sources */ = {isa = PBXBuildFile; fileRef = 67BBC5AE161B6473002E5CC4 /* CCTextureAtlas.m */; };
		67BBC5B2161B6473002E5CC4 /* CCTextureCache.m in Sources */ = {isa = PBXBuildFile; fileRef = 67BBC5B1161B6473002E5CC4 /* CCTextureCache.m */; };
		67BBC5B5161B6473002E5CC4 /* CCTexturePVR.m in Sources */ = {isa = PBXBuildFile; fileRef = 67BBC5B4161B6473002E5CC4 /* CCTexturePVR.m */; };
		67BBC5B8161B6473002E5CC4 /* CCTileMapAtlas.m in Sources */ = {isa = PBXBuildFile; fileRef = 67BBC5B7161B6473002E5CC4 /* CCTileMapAtlas.m */; };
		67BBC5BB161B6473002E5CC4 /* CCTMXLayer.m in Sources */ = {isa = PBXBuildFile; fileRef = 67BBC5BA161B6473002E5CC4 /* CCTMXLayer.m */; };
		67BBC5BE161B6473002E5CC4 /* CCTMXObjectGroup.m in Sources */ = {isa = PBXBuildFile; fileRef = 67BBC5BD161B6473002E5CC4 /* CCTMXObjectGroup.m */; };
		67BBC5C1161B6473002E5CC4 /* CCTMXTiledMap.m in Sources */ = {isa = PBXBuildFile; fileRef = 67BBC5C0161B6473002E5CC4 /* CCTMXTiledMap.m */; };
		67BBC5C4161B6473002E5CC4 /* CCTMXXMLParser.m in Sources */ = {isa = PBXBuildFile; fileRef = 67BBC5C3161B6473002E5CC4 /* CCTMXXMLParser.m */; };
		67BBC5C7161B6473002E5CC4 /* CCTransition.m in Sources */ = {isa = PBXBuildFile; fileRef = 67BBC5C6161B6473002E5CC4 /* CCTransition.m */; };
		67BBC5CA161B6473002E5CC4 /* CCTransitionPageTurn.m in Sources */ = {isa = PBXBuildFile; fileRef = 67BBC5C9161B6473002E5CC4 /* CCTransitionPageTurn.m */; };
		67BBC5CD161B6473002E5CC4 /* CCTransitionRadial.m in Sources */ = {isa = PBXBuildFile; fileRef = 67BBC5CC161B6473002E5CC4 /* CCTransitionRadial.m */; };
		67BBC5D1161B6473002E5CC4 /* cocos2d.m in Sources */ = {isa = PBXBuildFile; fileRef = 67BBC5D0161B6473002E5CC4 /* cocos2d.m */; };
		67BBC5D8161B6473002E5CC4 /* CCDirectorIOS.m in Sources */ = {isa = PBXBuildFile; fileRef = 67BBC5D7161B6473002E5CC4 /* CCDirectorIOS.m */; };
		67BBC5DC161B6473002E5CC4 /* CCTouchDispatcher.m in Sources */ = {isa = PBXBuildFile; fileRef = 67BBC5DB161B6473002E5CC4 /* CCTouchDispatcher.m */; };
		67BBC5DF161B6473002E5CC4 /* CCTouchHandler.m in Sources */ = {isa = PBXBuildFile; fileRef = 67BBC5DE161B6473002E5CC4 /* CCTouchHandler.m */; };
		67BBC5E2161B6473002E5CC4 /* EAGLView.m in Sources */ = {isa = PBXBuildFile; fileRef = 67BBC5E1161B6473002E5CC4 /* EAGLView.m */; };
		67BBC5E5161B6473002E5CC4 /* ES1Renderer.m in Sources */ = {isa = PBXBuildFile; fileRef = 67BBC5E4161B6473002E5CC4 /* ES1Renderer.m */; };
		67BBC5E8161B6473002E5CC4 /* glu.c in Sources */ = {isa = PBXBuildFile; fileRef = 67BBC5E7161B6473002E5CC4 /* glu.c */; };
		67BBC5ED161B6473002E5CC4 /* CCDirectorMac.m in Sources */ = {isa = PBXBuildFile; fileRef = 67BBC5EC161B6473002E5CC4 /* CCDirectorMac.m */; };
		67BBC5F0161B6473002E5CC4 /* CCEventDispatcher.m in Sources */ = {isa = PBXBuildFile; fileRef = 67BBC5EF161B6473002E5CC4 /* CCEventDispatcher.m */; };
		67BBC5F3161B6473002E5CC4 /* MacGLView.m in Sources */ = {isa = PBXBuildFile; fileRef = 67BBC5F2161B6473002E5CC4 /* MacGLView.m */; };
		67BBC5F6161B6473002E5CC4 /* MacWindow.m in Sources */ = {isa = PBXBuildFile; fileRef = 67BBC5F5161B6473002E5CC4 /* MacWindow.m */; };
		67BBC5F9161B6473002E5CC4 /* base64.c in Sources */ = {isa = PBXBuildFile; fileRef = 67BBC5F8161B6473002E5CC4 /* base64.c */; };
		67BBC5FD161B6473002E5CC4 /* CCArray.m in Sources */ = {isa = PBXBuildFile; fileRef = 67BBC5FC161B6473002E5CC4 /* CCArray.m */; };
		67BBC601161B6473002E5CC4 /* CCFileUtils.m in Sources */ = {isa = PBXBuildFile; fileRef = 67BBC600161B6473002E5CC4 /* CCFileUtils.m */; };
		67BBC604161B6473002E5CC4 /* CCProfiling.m in Sources */ = {isa = PBXBuildFile; fileRef = 67BBC603161B6473002E5CC4 /* CCProfiling.m */; };
		67BBC606161B6473002E5CC4 /* ccUtils.c in Sources */ = {isa = PBXBuildFile; fileRef = 67BBC605161B6473002E5CC4 /* ccUtils.c */; };
		67BBC60A161B6473002E5CC4 /* CGPointExtension.m in Sources */ = {isa = PBXBuildFile; fileRef = 67BBC609161B6473002E5CC4 /* CGPointExtension.m */; };
		67BBC60E161B6473002E5CC4 /* TGAlib.m in Sources */ = {isa = PBXBuildFile; fileRef = 67BBC60D161B6473002E5CC4 /* TGAlib.m */; };
		67BBC611161B6473002E5CC4 /* TransformUtils.m in Sources */ = {isa = PBXBuildFile; fileRef = 67BBC610161B6473002E5CC4 /* TransformUtils.m */; };
		67BBC616161B6473002E5CC4 /* ZipUtils.m in Sources */ = {isa = PBXBuildFile; fileRef = 67BBC615161B6473002E5CC4 /* ZipUtils.m */; };
		67BBC61B161B6473002E5CC4 /* CDAudioManager.m in Sources */ = {isa = PBXBuildFile; fileRef = 67BBC61A161B6473002E5CC4 /* CDAudioManager.m */; };
		67BBC61F161B6473002E5CC4 /* CDOpenALSupport.m in Sources */ = {isa = PBXBuildFile; fileRef = 67BBC61E161B6473002E5CC4 /* CDOpenALSupport.m */; };
		67BBC622161B6473002E5CC4 /* CocosDenshion.m in Sources */ = {isa = PBXBuildFile; fileRef = 67BBC621161B6473002E5CC4 /* CocosDenshion.m */; };
		67BBC625161B6473002E5CC4 /* SimpleAudioEngine.m in Sources */ = {isa = PBXBuildFile; fileRef = 67BBC624161B6473002E5CC4 /* SimpleAudioEngine.m */; };
		67BBC62A161B6473002E5CC4 /* CLScoreServerPost.m in Sources */ = {isa = PBXBuildFile; fileRef = 67BBC629161B6473002E5CC4 /* CLScoreServerPost.m */; };
		67BBC62D161B6473002E5CC4 /* CLScoreServerRequest.m in Sources */ = {isa = PBXBuildFile; fileRef = 67BBC62C161B6473002E5CC4 /* CLScoreServerRequest.m */; };
		67BBC630161B6473002E5CC4 /* cocoslive.m in Sources */ = {isa = PBXBuildFile; fileRef = 67BBC62F161B6473002E5CC4 /* cocoslive.m */; };
		67BBC635161B6473002E5CC4 /* CDataScanner.m in Sources */ = {isa = PBXBuildFile; fileRef = 67BBC634161B6473002E5CC4 /* CDataScanner.m */; };
		67BBC639161B6473002E5CC4 /* CDataScanner_Extensions.m in Sources */ = {isa = PBXBuildFile; fileRef = 67BBC638161B6473002E5CC4 /* CDataScanner_Extensions.m */; };
		67BBC63C161B6473002E5CC4 /* NSDictionary_JSONExtensions.m in Sources */ = {isa = PBXBuildFile; fileRef = 67BBC63B161B6473002E5CC4 /* NSDictionary_JSONExtensions.m */; };
		67BBC640161B6473002E5CC4 /* CJSONDeserializer.m in Sources */ = {isa = PBXBuildFile; fileRef = 67BBC63F161B6473002E5CC4 /* CJSONDeserializer.m */; };
		67BBC643161B6473002E5CC4 /* CJSONScanner.m in Sources */ = {isa = PBXBuildFile; fileRef = 67BBC642161B6473002E5CC4 /* CJSONScanner.m */; };
		67BBC646161B6473002E5CC4 /* CJSONSerializer.m in Sources */ = {isa = PBXBuildFile; fileRef = 67BBC645161B6473002E5CC4 /* CJSONSerializer.m */; };
		67BBC64B161B6473002E5CC4 /* FontLabel.m in Sources */ = {isa = PBXBuildFile; fileRef = 67BBC64A161B6473002E5CC4 /* FontLabel.m */; };
		67BBC64E161B6473002E5CC4 /* FontLabelStringDrawing.m in Sources */ = {isa = PBXBuildFile; fileRef = 67BBC64D161B6473002E5CC4 /* FontLabelStringDrawing.m */; };
		67BBC651161B6473002E5CC4 /* FontManager.m in Sources */ = {isa = PBXBuildFile; fileRef = 67BBC650161B6473002E5CC4 /* FontManager.m */; };
		67BBC654161B6473002E5CC4 /* ZAttributedString.m in Sources */ = {isa = PBXBuildFile; fileRef = 67BBC653161B6473002E5CC4 /* ZAttributedString.m */; };
		67BBC658161B6473002E5CC4 /* ZFont.m in Sources */ = {isa = PBXBuildFile; fileRef = 67BBC657161B6473002E5CC4 /* ZFont.m */; };
		67BBC65D161B6473002E5CC4 /* main.m in Sources */ = {isa = PBXBuildFile; fileRef = 67BBC65C161B6473002E5CC4 /* main.m */; };
		67BBC660161B6473002E5CC4 /* AppDelegate.m in Sources */ = {isa = PBXBuildFile; fileRef = 67BBC65F161B6473002E5CC4 /* AppDelegate.m */; };
		67BBC663161B6473002E5CC4 /* RootViewController.m in Sources */ = {isa = PBXBuildFile; fileRef = 67BBC662161B6473002E5CC4 /* RootViewController.m */; };
		67BBC666161B6473002E5CC4 /* HelloWorldLayer.m in Sources */ = {isa = PBXBuildFile; fileRef = 67BBC665161B6473002E5CC4 /* HelloWorldLayer.m */; };
		67BBC675161B6668002E5CC4 /* Localizable.strings in Resources */ = {isa = PBXBuildFile; fileRef = 67BBC671161B6668002E5CC4 /* Localizable.strings */; };
		67BBC676161B6668002E5CC4 /* logo.png in Resources */ = {isa = PBXBuildFile; fileRef = 67BBC673161B6668002E5CC4 /* logo.png */; };
/* End PBXBuildFile section */

/* Begin PBXFileReference section */
		67BBC4F5161B6472002E5CC4 /* LocalizedCocos2dExample.app */ = {isa = PBXFileReference; explicitFileType = wrapper.application; includeInIndex = 0; path = LocalizedCocos2dExample.app; sourceTree = BUILT_PRODUCTS_DIR; };
		67BBC4F9161B6472002E5CC4 /* QuartzCore.framework */ = {isa = PBXFileReference; lastKnownFileType = wrapper.framework; name = QuartzCore.framework; path = System/Library/Frameworks/QuartzCore.framework; sourceTree = SDKROOT; };
		67BBC4FB161B6472002E5CC4 /* OpenGLES.framework */ = {isa = PBXFileReference; lastKnownFileType = wrapper.framework; name = OpenGLES.framework; path = System/Library/Frameworks/OpenGLES.framework; sourceTree = SDKROOT; };
		67BBC4FD161B6472002E5CC4 /* OpenAL.framework */ = {isa = PBXFileReference; lastKnownFileType = wrapper.framework; name = OpenAL.framework; path = System/Library/Frameworks/OpenAL.framework; sourceTree = SDKROOT; };
		67BBC4FF161B6472002E5CC4 /* AudioToolbox.framework */ = {isa = PBXFileReference; lastKnownFileType = wrapper.framework; name = AudioToolbox.framework; path = System/Library/Frameworks/AudioToolbox.framework; sourceTree = SDKROOT; };
		67BBC501161B6472002E5CC4 /* AVFoundation.framework */ = {isa = PBXFileReference; lastKnownFileType = wrapper.framework; name = AVFoundation.framework; path = System/Library/Frameworks/AVFoundation.framework; sourceTree = SDKROOT; };
		67BBC503161B6472002E5CC4 /* UIKit.framework */ = {isa = PBXFileReference; lastKnownFileType = wrapper.framework; name = UIKit.framework; path = System/Library/Frameworks/UIKit.framework; sourceTree = SDKROOT; };
		67BBC505161B6472002E5CC4 /* Foundation.framework */ = {isa = PBXFileReference; lastKnownFileType = wrapper.framework; name = Foundation.framework; path = System/Library/Frameworks/Foundation.framework; sourceTree = SDKROOT; };
		67BBC507161B6472002E5CC4 /* CoreGraphics.framework */ = {isa = PBXFileReference; lastKnownFileType = wrapper.framework; name = CoreGraphics.framework; path = System/Library/Frameworks/CoreGraphics.framework; sourceTree = SDKROOT; };
		67BBC50B161B6472002E5CC4 /* Default.png */ = {isa = PBXFileReference; lastKnownFileType = image.png; name = Default.png; path = Resources/Default.png; sourceTree = "<group>"; };
		67BBC50D161B6472002E5CC4 /* fps_images.png */ = {isa = PBXFileReference; lastKnownFileType = image.png; name = fps_images.png; path = Resources/fps_images.png; sourceTree = "<group>"; };
		67BBC50F161B6472002E5CC4 /* Icon-72.png */ = {isa = PBXFileReference; lastKnownFileType = image.png; name = "Icon-72.png"; path = "Resources/Icon-72.png"; sourceTree = "<group>"; };
		67BBC511161B6472002E5CC4 /* Icon-Small-50.png */ = {isa = PBXFileReference; lastKnownFileType = image.png; name = "Icon-Small-50.png"; path = "Resources/Icon-Small-50.png"; sourceTree = "<group>"; };
		67BBC513161B6472002E5CC4 /* Icon-Small.png */ = {isa = PBXFileReference; lastKnownFileType = image.png; name = "Icon-Small.png"; path = "Resources/Icon-Small.png"; sourceTree = "<group>"; };
		67BBC515161B6472002E5CC4 /* Icon-Small@2x.png */ = {isa = PBXFileReference; lastKnownFileType = image.png; name = "Icon-Small@2x.png"; path = "Resources/Icon-Small@2x.png"; sourceTree = "<group>"; };
		67BBC517161B6472002E5CC4 /* Icon.png */ = {isa = PBXFileReference; lastKnownFileType = image.png; name = Icon.png; path = Resources/Icon.png; sourceTree = "<group>"; };
		67BBC519161B6472002E5CC4 /* Icon@2x.png */ = {isa = PBXFileReference; lastKnownFileType = image.png; name = "Icon@2x.png"; path = "Resources/Icon@2x.png"; sourceTree = "<group>"; };
		67BBC51B161B6472002E5CC4 /* Info.plist */ = {isa = PBXFileReference; lastKnownFileType = text.plist.xml; name = Info.plist; path = Resources/Info.plist; sourceTree = "<group>"; };
		67BBC51C161B6472002E5CC4 /* iTunesArtwork */ = {isa = PBXFileReference; lastKnownFileType = file; name = iTunesArtwork; path = Resources/iTunesArtwork; sourceTree = "<group>"; };
		67BBC520161B6472002E5CC4 /* CCAction.h */ = {isa = PBXFileReference; lastKnownFileType = sourcecode.c.h; name = CCAction.h; path = libs/cocos2d/CCAction.h; sourceTree = "<group>"; };
		67BBC521161B6472002E5CC4 /* CCAction.m */ = {isa = PBXFileReference; lastKnownFileType = sourcecode.c.objc; name = CCAction.m; path = libs/cocos2d/CCAction.m; sourceTree = "<group>"; };
		67BBC523161B6472002E5CC4 /* CCActionCamera.h */ = {isa = PBXFileReference; lastKnownFileType = sourcecode.c.h; name = CCActionCamera.h; path = libs/cocos2d/CCActionCamera.h; sourceTree = "<group>"; };
		67BBC524161B6472002E5CC4 /* CCActionCamera.m */ = {isa = PBXFileReference; lastKnownFileType = sourcecode.c.objc; name = CCActionCamera.m; path = libs/cocos2d/CCActionCamera.m; sourceTree = "<group>"; };
		67BBC526161B6472002E5CC4 /* CCActionEase.h */ = {isa = PBXFileReference; lastKnownFileType = sourcecode.c.h; name = CCActionEase.h; path = libs/cocos2d/CCActionEase.h; sourceTree = "<group>"; };
		67BBC527161B6472002E5CC4 /* CCActionEase.m */ = {isa = PBXFileReference; lastKnownFileType = sourcecode.c.objc; name = CCActionEase.m; path = libs/cocos2d/CCActionEase.m; sourceTree = "<group>"; };
		67BBC529161B6472002E5CC4 /* CCActionGrid.h */ = {isa = PBXFileReference; lastKnownFileType = sourcecode.c.h; name = CCActionGrid.h; path = libs/cocos2d/CCActionGrid.h; sourceTree = "<group>"; };
		67BBC52A161B6472002E5CC4 /* CCActionGrid.m */ = {isa = PBXFileReference; lastKnownFileType = sourcecode.c.objc; name = CCActionGrid.m; path = libs/cocos2d/CCActionGrid.m; sourceTree = "<group>"; };
		67BBC52C161B6472002E5CC4 /* CCActionGrid3D.h */ = {isa = PBXFileReference; lastKnownFileType = sourcecode.c.h; name = CCActionGrid3D.h; path = libs/cocos2d/CCActionGrid3D.h; sourceTree = "<group>"; };
		67BBC52D161B6472002E5CC4 /* CCActionGrid3D.m */ = {isa = PBXFileReference; lastKnownFileType = sourcecode.c.objc; name = CCActionGrid3D.m; path = libs/cocos2d/CCActionGrid3D.m; sourceTree = "<group>"; };
		67BBC52F161B6472002E5CC4 /* CCActionInstant.h */ = {isa = PBXFileReference; lastKnownFileType = sourcecode.c.h; name = CCActionInstant.h; path = libs/cocos2d/CCActionInstant.h; sourceTree = "<group>"; };
		67BBC530161B6472002E5CC4 /* CCActionInstant.m */ = {isa = PBXFileReference; lastKnownFileType = sourcecode.c.objc; name = CCActionInstant.m; path = libs/cocos2d/CCActionInstant.m; sourceTree = "<group>"; };
		67BBC532161B6472002E5CC4 /* CCActionInterval.h */ = {isa = PBXFileReference; lastKnownFileType = sourcecode.c.h; name = CCActionInterval.h; path = libs/cocos2d/CCActionInterval.h; sourceTree = "<group>"; };
		67BBC533161B6472002E5CC4 /* CCActionInterval.m */ = {isa = PBXFileReference; lastKnownFileType = sourcecode.c.objc; name = CCActionInterval.m; path = libs/cocos2d/CCActionInterval.m; sourceTree = "<group>"; };
		67BBC535161B6472002E5CC4 /* CCActionManager.h */ = {isa = PBXFileReference; lastKnownFileType = sourcecode.c.h; name = CCActionManager.h; path = libs/cocos2d/CCActionManager.h; sourceTree = "<group>"; };
		67BBC536161B6472002E5CC4 /* CCActionManager.m */ = {isa = PBXFileReference; lastKnownFileType = sourcecode.c.objc; name = CCActionManager.m; path = libs/cocos2d/CCActionManager.m; sourceTree = "<group>"; };
		67BBC538161B6472002E5CC4 /* CCActionPageTurn3D.h */ = {isa = PBXFileReference; lastKnownFileType = sourcecode.c.h; name = CCActionPageTurn3D.h; path = libs/cocos2d/CCActionPageTurn3D.h; sourceTree = "<group>"; };
		67BBC539161B6472002E5CC4 /* CCActionPageTurn3D.m */ = {isa = PBXFileReference; lastKnownFileType = sourcecode.c.objc; name = CCActionPageTurn3D.m; path = libs/cocos2d/CCActionPageTurn3D.m; sourceTree = "<group>"; };
		67BBC53B161B6472002E5CC4 /* CCActionProgressTimer.h */ = {isa = PBXFileReference; lastKnownFileType = sourcecode.c.h; name = CCActionProgressTimer.h; path = libs/cocos2d/CCActionProgressTimer.h; sourceTree = "<group>"; };
		67BBC53C161B6472002E5CC4 /* CCActionProgressTimer.m */ = {isa = PBXFileReference; lastKnownFileType = sourcecode.c.objc; name = CCActionProgressTimer.m; path = libs/cocos2d/CCActionProgressTimer.m; sourceTree = "<group>"; };
		67BBC53E161B6472002E5CC4 /* CCActionTiledGrid.h */ = {isa = PBXFileReference; lastKnownFileType = sourcecode.c.h; name = CCActionTiledGrid.h; path = libs/cocos2d/CCActionTiledGrid.h; sourceTree = "<group>"; };
		67BBC53F161B6472002E5CC4 /* CCActionTiledGrid.m */ = {isa = PBXFileReference; lastKnownFileType = sourcecode.c.objc; name = CCActionTiledGrid.m; path = libs/cocos2d/CCActionTiledGrid.m; sourceTree = "<group>"; };
		67BBC541161B6472002E5CC4 /* CCActionTween.h */ = {isa = PBXFileReference; lastKnownFileType = sourcecode.c.h; name = CCActionTween.h; path = libs/cocos2d/CCActionTween.h; sourceTree = "<group>"; };
		67BBC542161B6472002E5CC4 /* CCActionTween.m */ = {isa = PBXFileReference; lastKnownFileType = sourcecode.c.objc; name = CCActionTween.m; path = libs/cocos2d/CCActionTween.m; sourceTree = "<group>"; };
		67BBC544161B6472002E5CC4 /* CCAnimation.h */ = {isa = PBXFileReference; lastKnownFileType = sourcecode.c.h; name = CCAnimation.h; path = libs/cocos2d/CCAnimation.h; sourceTree = "<group>"; };
		67BBC545161B6472002E5CC4 /* CCAnimation.m */ = {isa = PBXFileReference; lastKnownFileType = sourcecode.c.objc; name = CCAnimation.m; path = libs/cocos2d/CCAnimation.m; sourceTree = "<group>"; };
		67BBC547161B6472002E5CC4 /* CCAnimationCache.h */ = {isa = PBXFileReference; lastKnownFileType = sourcecode.c.h; name = CCAnimationCache.h; path = libs/cocos2d/CCAnimationCache.h; sourceTree = "<group>"; };
		67BBC548161B6472002E5CC4 /* CCAnimationCache.m */ = {isa = PBXFileReference; lastKnownFileType = sourcecode.c.objc; name = CCAnimationCache.m; path = libs/cocos2d/CCAnimationCache.m; sourceTree = "<group>"; };
		67BBC54A161B6472002E5CC4 /* CCAtlasNode.h */ = {isa = PBXFileReference; lastKnownFileType = sourcecode.c.h; name = CCAtlasNode.h; path = libs/cocos2d/CCAtlasNode.h; sourceTree = "<group>"; };
		67BBC54B161B6472002E5CC4 /* CCAtlasNode.m */ = {isa = PBXFileReference; lastKnownFileType = sourcecode.c.objc; name = CCAtlasNode.m; path = libs/cocos2d/CCAtlasNode.m; sourceTree = "<group>"; };
		67BBC54D161B6472002E5CC4 /* CCBlockSupport.h */ = {isa = PBXFileReference; lastKnownFileType = sourcecode.c.h; name = CCBlockSupport.h; path = libs/cocos2d/CCBlockSupport.h; sourceTree = "<group>"; };
		67BBC54E161B6472002E5CC4 /* CCBlockSupport.m */ = {isa = PBXFileReference; lastKnownFileType = sourcecode.c.objc; name = CCBlockSupport.m; path = libs/cocos2d/CCBlockSupport.m; sourceTree = "<group>"; };
		67BBC550161B6472002E5CC4 /* CCCamera.h */ = {isa = PBXFileReference; lastKnownFileType = sourcecode.c.h; name = CCCamera.h; path = libs/cocos2d/CCCamera.h; sourceTree = "<group>"; };
		67BBC551161B6472002E5CC4 /* CCCamera.m */ = {isa = PBXFileReference; lastKnownFileType = sourcecode.c.objc; name = CCCamera.m; path = libs/cocos2d/CCCamera.m; sourceTree = "<group>"; };
		67BBC553161B6472002E5CC4 /* ccConfig.h */ = {isa = PBXFileReference; lastKnownFileType = sourcecode.c.h; name = ccConfig.h; path = libs/cocos2d/ccConfig.h; sourceTree = "<group>"; };
		67BBC554161B6472002E5CC4 /* CCConfiguration.h */ = {isa = PBXFileReference; lastKnownFileType = sourcecode.c.h; name = CCConfiguration.h; path = libs/cocos2d/CCConfiguration.h; sourceTree = "<group>"; };
		67BBC555161B6472002E5CC4 /* CCConfiguration.m */ = {isa = PBXFileReference; lastKnownFileType = sourcecode.c.objc; name = CCConfiguration.m; path = libs/cocos2d/CCConfiguration.m; sourceTree = "<group>"; };
		67BBC557161B6472002E5CC4 /* CCDirector.h */ = {isa = PBXFileReference; lastKnownFileType = sourcecode.c.h; name = CCDirector.h; path = libs/cocos2d/CCDirector.h; sourceTree = "<group>"; };
		67BBC558161B6472002E5CC4 /* CCDirector.m */ = {isa = PBXFileReference; lastKnownFileType = sourcecode.c.objc; name = CCDirector.m; path = libs/cocos2d/CCDirector.m; sourceTree = "<group>"; };
		67BBC55A161B6472002E5CC4 /* CCDrawingPrimitives.h */ = {isa = PBXFileReference; lastKnownFileType = sourcecode.c.h; name = CCDrawingPrimitives.h; path = libs/cocos2d/CCDrawingPrimitives.h; sourceTree = "<group>"; };
		67BBC55B161B6472002E5CC4 /* CCDrawingPrimitives.m */ = {isa = PBXFileReference; lastKnownFileType = sourcecode.c.objc; name = CCDrawingPrimitives.m; path = libs/cocos2d/CCDrawingPrimitives.m; sourceTree = "<group>"; };
		67BBC55D161B6472002E5CC4 /* CCGrabber.h */ = {isa = PBXFileReference; lastKnownFileType = sourcecode.c.h; name = CCGrabber.h; path = libs/cocos2d/CCGrabber.h; sourceTree = "<group>"; };
		67BBC55E161B6472002E5CC4 /* CCGrabber.m */ = {isa = PBXFileReference; lastKnownFileType = sourcecode.c.objc; name = CCGrabber.m; path = libs/cocos2d/CCGrabber.m; sourceTree = "<group>"; };
		67BBC560161B6472002E5CC4 /* CCGrid.h */ = {isa = PBXFileReference; lastKnownFileType = sourcecode.c.h; name = CCGrid.h; path = libs/cocos2d/CCGrid.h; sourceTree = "<group>"; };
		67BBC561161B6472002E5CC4 /* CCGrid.m */ = {isa = PBXFileReference; lastKnownFileType = sourcecode.c.objc; name = CCGrid.m; path = libs/cocos2d/CCGrid.m; sourceTree = "<group>"; };
		67BBC563161B6472002E5CC4 /* CCLabelAtlas.h */ = {isa = PBXFileReference; lastKnownFileType = sourcecode.c.h; name = CCLabelAtlas.h; path = libs/cocos2d/CCLabelAtlas.h; sourceTree = "<group>"; };
		67BBC564161B6472002E5CC4 /* CCLabelAtlas.m */ = {isa = PBXFileReference; lastKnownFileType = sourcecode.c.objc; name = CCLabelAtlas.m; path = libs/cocos2d/CCLabelAtlas.m; sourceTree = "<group>"; };
		67BBC566161B6472002E5CC4 /* CCLabelBMFont.h */ = {isa = PBXFileReference; lastKnownFileType = sourcecode.c.h; name = CCLabelBMFont.h; path = libs/cocos2d/CCLabelBMFont.h; sourceTree = "<group>"; };
		67BBC567161B6472002E5CC4 /* CCLabelBMFont.m */ = {isa = PBXFileReference; lastKnownFileType = sourcecode.c.objc; name = CCLabelBMFont.m; path = libs/cocos2d/CCLabelBMFont.m; sourceTree = "<group>"; };
		67BBC569161B6472002E5CC4 /* CCLabelTTF.h */ = {isa = PBXFileReference; lastKnownFileType = sourcecode.c.h; name = CCLabelTTF.h; path = libs/cocos2d/CCLabelTTF.h; sourceTree = "<group>"; };
		67BBC56A161B6472002E5CC4 /* CCLabelTTF.m */ = {isa = PBXFileReference; lastKnownFileType = sourcecode.c.objc; name = CCLabelTTF.m; path = libs/cocos2d/CCLabelTTF.m; sourceTree = "<group>"; };
		67BBC56C161B6472002E5CC4 /* CCLayer.h */ = {isa = PBXFileReference; lastKnownFileType = sourcecode.c.h; name = CCLayer.h; path = libs/cocos2d/CCLayer.h; sourceTree = "<group>"; };
		67BBC56D161B6472002E5CC4 /* CCLayer.m */ = {isa = PBXFileReference; lastKnownFileType = sourcecode.c.objc; name = CCLayer.m; path = libs/cocos2d/CCLayer.m; sourceTree = "<group>"; };
		67BBC56F161B6472002E5CC4 /* ccMacros.h */ = {isa = PBXFileReference; lastKnownFileType = sourcecode.c.h; name = ccMacros.h; path = libs/cocos2d/ccMacros.h; sourceTree = "<group>"; };
		67BBC570161B6472002E5CC4 /* CCMenu.h */ = {isa = PBXFileReference; lastKnownFileType = sourcecode.c.h; name = CCMenu.h; path = libs/cocos2d/CCMenu.h; sourceTree = "<group>"; };
		67BBC571161B6472002E5CC4 /* CCMenu.m */ = {isa = PBXFileReference; lastKnownFileType = sourcecode.c.objc; name = CCMenu.m; path = libs/cocos2d/CCMenu.m; sourceTree = "<group>"; };
		67BBC573161B6472002E5CC4 /* CCMenuItem.h */ = {isa = PBXFileReference; lastKnownFileType = sourcecode.c.h; name = CCMenuItem.h; path = libs/cocos2d/CCMenuItem.h; sourceTree = "<group>"; };
		67BBC574161B6472002E5CC4 /* CCMenuItem.m */ = {isa = PBXFileReference; lastKnownFileType = sourcecode.c.objc; name = CCMenuItem.m; path = libs/cocos2d/CCMenuItem.m; sourceTree = "<group>"; };
		67BBC576161B6472002E5CC4 /* CCMotionStreak.h */ = {isa = PBXFileReference; lastKnownFileType = sourcecode.c.h; name = CCMotionStreak.h; path = libs/cocos2d/CCMotionStreak.h; sourceTree = "<group>"; };
		67BBC577161B6472002E5CC4 /* CCMotionStreak.m */ = {isa = PBXFileReference; lastKnownFileType = sourcecode.c.objc; name = CCMotionStreak.m; path = libs/cocos2d/CCMotionStreak.m; sourceTree = "<group>"; };
		67BBC579161B6472002E5CC4 /* CCNode.h */ = {isa = PBXFileReference; lastKnownFileType = sourcecode.c.h; name = CCNode.h; path = libs/cocos2d/CCNode.h; sourceTree = "<group>"; };
		67BBC57A161B6472002E5CC4 /* CCNode.m */ = {isa = PBXFileReference; lastKnownFileType = sourcecode.c.objc; name = CCNode.m; path = libs/cocos2d/CCNode.m; sourceTree = "<group>"; };
		67BBC57C161B6472002E5CC4 /* CCParallaxNode.h */ = {isa = PBXFileReference; lastKnownFileType = sourcecode.c.h; name = CCParallaxNode.h; path = libs/cocos2d/CCParallaxNode.h; sourceTree = "<group>"; };
		67BBC57D161B6472002E5CC4 /* CCParallaxNode.m */ = {isa = PBXFileReference; lastKnownFileType = sourcecode.c.objc; name = CCParallaxNode.m; path = libs/cocos2d/CCParallaxNode.m; sourceTree = "<group>"; };
		67BBC57F161B6472002E5CC4 /* CCParticleBatchNode.h */ = {isa = PBXFileReference; lastKnownFileType = sourcecode.c.h; name = CCParticleBatchNode.h; path = libs/cocos2d/CCParticleBatchNode.h; sourceTree = "<group>"; };
		67BBC580161B6472002E5CC4 /* CCParticleBatchNode.m */ = {isa = PBXFileReference; lastKnownFileType = sourcecode.c.objc; name = CCParticleBatchNode.m; path = libs/cocos2d/CCParticleBatchNode.m; sourceTree = "<group>"; };
		67BBC582161B6472002E5CC4 /* CCParticleExamples.h */ = {isa = PBXFileReference; lastKnownFileType = sourcecode.c.h; name = CCParticleExamples.h; path = libs/cocos2d/CCParticleExamples.h; sourceTree = "<group>"; };
		67BBC583161B6472002E5CC4 /* CCParticleExamples.m */ = {isa = PBXFileReference; lastKnownFileType = sourcecode.c.objc; name = CCParticleExamples.m; path = libs/cocos2d/CCParticleExamples.m; sourceTree = "<group>"; };
		67BBC585161B6472002E5CC4 /* CCParticleSystem.h */ = {isa = PBXFileReference; lastKnownFileType = sourcecode.c.h; name = CCParticleSystem.h; path = libs/cocos2d/CCParticleSystem.h; sourceTree = "<group>"; };
		67BBC586161B6472002E5CC4 /* CCParticleSystem.m */ = {isa = PBXFileReference; lastKnownFileType = sourcecode.c.objc; name = CCParticleSystem.m; path = libs/cocos2d/CCParticleSystem.m; sourceTree = "<group>"; };
		67BBC588161B6472002E5CC4 /* CCParticleSystemPoint.h */ = {isa = PBXFileReference; lastKnownFileType = sourcecode.c.h; name = CCParticleSystemPoint.h; path = libs/cocos2d/CCParticleSystemPoint.h; sourceTree = "<group>"; };
		67BBC589161B6472002E5CC4 /* CCParticleSystemPoint.m */ = {isa = PBXFileReference; lastKnownFileType = sourcecode.c.objc; name = CCParticleSystemPoint.m; path = libs/cocos2d/CCParticleSystemPoint.m; sourceTree = "<group>"; };
		67BBC58B161B6472002E5CC4 /* CCParticleSystemQuad.h */ = {isa = PBXFileReference; lastKnownFileType = sourcecode.c.h; name = CCParticleSystemQuad.h; path = libs/cocos2d/CCParticleSystemQuad.h; sourceTree = "<group>"; };
		67BBC58C161B6472002E5CC4 /* CCParticleSystemQuad.m */ = {isa = PBXFileReference; lastKnownFileType = sourcecode.c.objc; name = CCParticleSystemQuad.m; path = libs/cocos2d/CCParticleSystemQuad.m; sourceTree = "<group>"; };
		67BBC58E161B6472002E5CC4 /* CCProgressTimer.h */ = {isa = PBXFileReference; lastKnownFileType = sourcecode.c.h; name = CCProgressTimer.h; path = libs/cocos2d/CCProgressTimer.h; sourceTree = "<group>"; };
		67BBC58F161B6472002E5CC4 /* CCProgressTimer.m */ = {isa = PBXFileReference; lastKnownFileType = sourcecode.c.objc; name = CCProgressTimer.m; path = libs/cocos2d/CCProgressTimer.m; sourceTree = "<group>"; };
		67BBC591161B6472002E5CC4 /* CCProtocols.h */ = {isa = PBXFileReference; lastKnownFileType = sourcecode.c.h; name = CCProtocols.h; path = libs/cocos2d/CCProtocols.h; sourceTree = "<group>"; };
		67BBC592161B6472002E5CC4 /* CCRenderTexture.h */ = {isa = PBXFileReference; lastKnownFileType = sourcecode.c.h; name = CCRenderTexture.h; path = libs/cocos2d/CCRenderTexture.h; sourceTree = "<group>"; };
		67BBC593161B6472002E5CC4 /* CCRenderTexture.m */ = {isa = PBXFileReference; lastKnownFileType = sourcecode.c.objc; name = CCRenderTexture.m; path = libs/cocos2d/CCRenderTexture.m; sourceTree = "<group>"; };
		67BBC595161B6472002E5CC4 /* CCRibbon.h */ = {isa = PBXFileReference; lastKnownFileType = sourcecode.c.h; name = CCRibbon.h; path = libs/cocos2d/CCRibbon.h; sourceTree = "<group>"; };
		67BBC596161B6472002E5CC4 /* CCRibbon.m */ = {isa = PBXFileReference; lastKnownFileType = sourcecode.c.objc; name = CCRibbon.m; path = libs/cocos2d/CCRibbon.m; sourceTree = "<group>"; };
		67BBC598161B6472002E5CC4 /* CCScene.h */ = {isa = PBXFileReference; lastKnownFileType = sourcecode.c.h; name = CCScene.h; path = libs/cocos2d/CCScene.h; sourceTree = "<group>"; };
		67BBC599161B6472002E5CC4 /* CCScene.m */ = {isa = PBXFileReference; lastKnownFileType = sourcecode.c.objc; name = CCScene.m; path = libs/cocos2d/CCScene.m; sourceTree = "<group>"; };
		67BBC59B161B6472002E5CC4 /* CCScheduler.h */ = {isa = PBXFileReference; lastKnownFileType = sourcecode.c.h; name = CCScheduler.h; path = libs/cocos2d/CCScheduler.h; sourceTree = "<group>"; };
		67BBC59C161B6472002E5CC4 /* CCScheduler.m */ = {isa = PBXFileReference; lastKnownFileType = sourcecode.c.objc; name = CCScheduler.m; path = libs/cocos2d/CCScheduler.m; sourceTree = "<group>"; };
		67BBC59E161B6472002E5CC4 /* CCSprite.h */ = {isa = PBXFileReference; lastKnownFileType = sourcecode.c.h; name = CCSprite.h; path = libs/cocos2d/CCSprite.h; sourceTree = "<group>"; };
		67BBC59F161B6472002E5CC4 /* CCSprite.m */ = {isa = PBXFileReference; lastKnownFileType = sourcecode.c.objc; name = CCSprite.m; path = libs/cocos2d/CCSprite.m; sourceTree = "<group>"; };
		67BBC5A1161B6472002E5CC4 /* CCSpriteBatchNode.h */ = {isa = PBXFileReference; lastKnownFileType = sourcecode.c.h; name = CCSpriteBatchNode.h; path = libs/cocos2d/CCSpriteBatchNode.h; sourceTree = "<group>"; };
		67BBC5A2161B6472002E5CC4 /* CCSpriteBatchNode.m */ = {isa = PBXFileReference; lastKnownFileType = sourcecode.c.objc; name = CCSpriteBatchNode.m; path = libs/cocos2d/CCSpriteBatchNode.m; sourceTree = "<group>"; };
		67BBC5A4161B6472002E5CC4 /* CCSpriteFrame.h */ = {isa = PBXFileReference; lastKnownFileType = sourcecode.c.h; name = CCSpriteFrame.h; path = libs/cocos2d/CCSpriteFrame.h; sourceTree = "<group>"; };
		67BBC5A5161B6472002E5CC4 /* CCSpriteFrame.m */ = {isa = PBXFileReference; lastKnownFileType = sourcecode.c.objc; name = CCSpriteFrame.m; path = libs/cocos2d/CCSpriteFrame.m; sourceTree = "<group>"; };
		67BBC5A7161B6472002E5CC4 /* CCSpriteFrameCache.h */ = {isa = PBXFileReference; lastKnownFileType = sourcecode.c.h; name = CCSpriteFrameCache.h; path = libs/cocos2d/CCSpriteFrameCache.h; sourceTree = "<group>"; };
		67BBC5A8161B6472002E5CC4 /* CCSpriteFrameCache.m */ = {isa = PBXFileReference; lastKnownFileType = sourcecode.c.objc; name = CCSpriteFrameCache.m; path = libs/cocos2d/CCSpriteFrameCache.m; sourceTree = "<group>"; };
		67BBC5AA161B6472002E5CC4 /* CCTexture2D.h */ = {isa = PBXFileReference; lastKnownFileType = sourcecode.c.h; name = CCTexture2D.h; path = libs/cocos2d/CCTexture2D.h; sourceTree = "<group>"; };
		67BBC5AB161B6473002E5CC4 /* CCTexture2D.m */ = {isa = PBXFileReference; lastKnownFileType = sourcecode.c.objc; name = CCTexture2D.m; path = libs/cocos2d/CCTexture2D.m; sourceTree = "<group>"; };
		67BBC5AD161B6473002E5CC4 /* CCTextureAtlas.h */ = {isa = PBXFileReference; lastKnownFileType = sourcecode.c.h; name = CCTextureAtlas.h; path = libs/cocos2d/CCTextureAtlas.h; sourceTree = "<group>"; };
		67BBC5AE161B6473002E5CC4 /* CCTextureAtlas.m */ = {isa = PBXFileReference; lastKnownFileType = sourcecode.c.objc; name = CCTextureAtlas.m; path = libs/cocos2d/CCTextureAtlas.m; sourceTree = "<group>"; };
		67BBC5B0161B6473002E5CC4 /* CCTextureCache.h */ = {isa = PBXFileReference; lastKnownFileType = sourcecode.c.h; name = CCTextureCache.h; path = libs/cocos2d/CCTextureCache.h; sourceTree = "<group>"; };
		67BBC5B1161B6473002E5CC4 /* CCTextureCache.m */ = {isa = PBXFileReference; lastKnownFileType = sourcecode.c.objc; name = CCTextureCache.m; path = libs/cocos2d/CCTextureCache.m; sourceTree = "<group>"; };
		67BBC5B3161B6473002E5CC4 /* CCTexturePVR.h */ = {isa = PBXFileReference; lastKnownFileType = sourcecode.c.h; name = CCTexturePVR.h; path = libs/cocos2d/CCTexturePVR.h; sourceTree = "<group>"; };
		67BBC5B4161B6473002E5CC4 /* CCTexturePVR.m */ = {isa = PBXFileReference; lastKnownFileType = sourcecode.c.objc; name = CCTexturePVR.m; path = libs/cocos2d/CCTexturePVR.m; sourceTree = "<group>"; };
		67BBC5B6161B6473002E5CC4 /* CCTileMapAtlas.h */ = {isa = PBXFileReference; lastKnownFileType = sourcecode.c.h; name = CCTileMapAtlas.h; path = libs/cocos2d/CCTileMapAtlas.h; sourceTree = "<group>"; };
		67BBC5B7161B6473002E5CC4 /* CCTileMapAtlas.m */ = {isa = PBXFileReference; lastKnownFileType = sourcecode.c.objc; name = CCTileMapAtlas.m; path = libs/cocos2d/CCTileMapAtlas.m; sourceTree = "<group>"; };
		67BBC5B9161B6473002E5CC4 /* CCTMXLayer.h */ = {isa = PBXFileReference; lastKnownFileType = sourcecode.c.h; name = CCTMXLayer.h; path = libs/cocos2d/CCTMXLayer.h; sourceTree = "<group>"; };
		67BBC5BA161B6473002E5CC4 /* CCTMXLayer.m */ = {isa = PBXFileReference; lastKnownFileType = sourcecode.c.objc; name = CCTMXLayer.m; path = libs/cocos2d/CCTMXLayer.m; sourceTree = "<group>"; };
		67BBC5BC161B6473002E5CC4 /* CCTMXObjectGroup.h */ = {isa = PBXFileReference; lastKnownFileType = sourcecode.c.h; name = CCTMXObjectGroup.h; path = libs/cocos2d/CCTMXObjectGroup.h; sourceTree = "<group>"; };
		67BBC5BD161B6473002E5CC4 /* CCTMXObjectGroup.m */ = {isa = PBXFileReference; lastKnownFileType = sourcecode.c.objc; name = CCTMXObjectGroup.m; path = libs/cocos2d/CCTMXObjectGroup.m; sourceTree = "<group>"; };
		67BBC5BF161B6473002E5CC4 /* CCTMXTiledMap.h */ = {isa = PBXFileReference; lastKnownFileType = sourcecode.c.h; name = CCTMXTiledMap.h; path = libs/cocos2d/CCTMXTiledMap.h; sourceTree = "<group>"; };
		67BBC5C0161B6473002E5CC4 /* CCTMXTiledMap.m */ = {isa = PBXFileReference; lastKnownFileType = sourcecode.c.objc; name = CCTMXTiledMap.m; path = libs/cocos2d/CCTMXTiledMap.m; sourceTree = "<group>"; };
		67BBC5C2161B6473002E5CC4 /* CCTMXXMLParser.h */ = {isa = PBXFileReference; lastKnownFileType = sourcecode.c.h; name = CCTMXXMLParser.h; path = libs/cocos2d/CCTMXXMLParser.h; sourceTree = "<group>"; };
		67BBC5C3161B6473002E5CC4 /* CCTMXXMLParser.m */ = {isa = PBXFileReference; lastKnownFileType = sourcecode.c.objc; name = CCTMXXMLParser.m; path = libs/cocos2d/CCTMXXMLParser.m; sourceTree = "<group>"; };
		67BBC5C5161B6473002E5CC4 /* CCTransition.h */ = {isa = PBXFileReference; lastKnownFileType = sourcecode.c.h; name = CCTransition.h; path = libs/cocos2d/CCTransition.h; sourceTree = "<group>"; };
		67BBC5C6161B6473002E5CC4 /* CCTransition.m */ = {isa = PBXFileReference; lastKnownFileType = sourcecode.c.objc; name = CCTransition.m; path = libs/cocos2d/CCTransition.m; sourceTree = "<group>"; };
		67BBC5C8161B6473002E5CC4 /* CCTransitionPageTurn.h */ = {isa = PBXFileReference; lastKnownFileType = sourcecode.c.h; name = CCTransitionPageTurn.h; path = libs/cocos2d/CCTransitionPageTurn.h; sourceTree = "<group>"; };
		67BBC5C9161B6473002E5CC4 /* CCTransitionPageTurn.m */ = {isa = PBXFileReference; lastKnownFileType = sourcecode.c.objc; name = CCTransitionPageTurn.m; path = libs/cocos2d/CCTransitionPageTurn.m; sourceTree = "<group>"; };
		67BBC5CB161B6473002E5CC4 /* CCTransitionRadial.h */ = {isa = PBXFileReference; lastKnownFileType = sourcecode.c.h; name = CCTransitionRadial.h; path = libs/cocos2d/CCTransitionRadial.h; sourceTree = "<group>"; };
		67BBC5CC161B6473002E5CC4 /* CCTransitionRadial.m */ = {isa = PBXFileReference; lastKnownFileType = sourcecode.c.objc; name = CCTransitionRadial.m; path = libs/cocos2d/CCTransitionRadial.m; sourceTree = "<group>"; };
		67BBC5CE161B6473002E5CC4 /* ccTypes.h */ = {isa = PBXFileReference; lastKnownFileType = sourcecode.c.h; name = ccTypes.h; path = libs/cocos2d/ccTypes.h; sourceTree = "<group>"; };
		67BBC5CF161B6473002E5CC4 /* cocos2d.h */ = {isa = PBXFileReference; lastKnownFileType = sourcecode.c.h; name = cocos2d.h; path = libs/cocos2d/cocos2d.h; sourceTree = "<group>"; };
		67BBC5D0161B6473002E5CC4 /* cocos2d.m */ = {isa = PBXFileReference; lastKnownFileType = sourcecode.c.objc; name = cocos2d.m; path = libs/cocos2d/cocos2d.m; sourceTree = "<group>"; };
		67BBC5D3161B6473002E5CC4 /* CCGL.h */ = {isa = PBXFileReference; lastKnownFileType = sourcecode.c.h; name = CCGL.h; path = libs/cocos2d/Platforms/CCGL.h; sourceTree = "<group>"; };
		67BBC5D4161B6473002E5CC4 /* CCNS.h */ = {isa = PBXFileReference; lastKnownFileType = sourcecode.c.h; name = CCNS.h; path = libs/cocos2d/Platforms/CCNS.h; sourceTree = "<group>"; };
		67BBC5D6161B6473002E5CC4 /* CCDirectorIOS.h */ = {isa = PBXFileReference; lastKnownFileType = sourcecode.c.h; name = CCDirectorIOS.h; path = libs/cocos2d/Platforms/iOS/CCDirectorIOS.h; sourceTree = "<group>"; };
		67BBC5D7161B6473002E5CC4 /* CCDirectorIOS.m */ = {isa = PBXFileReference; lastKnownFileType = sourcecode.c.objc; name = CCDirectorIOS.m; path = libs/cocos2d/Platforms/iOS/CCDirectorIOS.m; sourceTree = "<group>"; };
		67BBC5D9161B6473002E5CC4 /* CCTouchDelegateProtocol.h */ = {isa = PBXFileReference; lastKnownFileType = sourcecode.c.h; name = CCTouchDelegateProtocol.h; path = libs/cocos2d/Platforms/iOS/CCTouchDelegateProtocol.h; sourceTree = "<group>"; };
		67BBC5DA161B6473002E5CC4 /* CCTouchDispatcher.h */ = {isa = PBXFileReference; lastKnownFileType = sourcecode.c.h; name = CCTouchDispatcher.h; path = libs/cocos2d/Platforms/iOS/CCTouchDispatcher.h; sourceTree = "<group>"; };
		67BBC5DB161B6473002E5CC4 /* CCTouchDispatcher.m */ = {isa = PBXFileReference; lastKnownFileType = sourcecode.c.objc; name = CCTouchDispatcher.m; path = libs/cocos2d/Platforms/iOS/CCTouchDispatcher.m; sourceTree = "<group>"; };
		67BBC5DD161B6473002E5CC4 /* CCTouchHandler.h */ = {isa = PBXFileReference; lastKnownFileType = sourcecode.c.h; name = CCTouchHandler.h; path = libs/cocos2d/Platforms/iOS/CCTouchHandler.h; sourceTree = "<group>"; };
		67BBC5DE161B6473002E5CC4 /* CCTouchHandler.m */ = {isa = PBXFileReference; lastKnownFileType = sourcecode.c.objc; name = CCTouchHandler.m; path = libs/cocos2d/Platforms/iOS/CCTouchHandler.m; sourceTree = "<group>"; };
		67BBC5E0161B6473002E5CC4 /* EAGLView.h */ = {isa = PBXFileReference; lastKnownFileType = sourcecode.c.h; name = EAGLView.h; path = libs/cocos2d/Platforms/iOS/EAGLView.h; sourceTree = "<group>"; };
		67BBC5E1161B6473002E5CC4 /* EAGLView.m */ = {isa = PBXFileReference; lastKnownFileType = sourcecode.c.objc; name = EAGLView.m; path = libs/cocos2d/Platforms/iOS/EAGLView.m; sourceTree = "<group>"; };
		67BBC5E3161B6473002E5CC4 /* ES1Renderer.h */ = {isa = PBXFileReference; lastKnownFileType = sourcecode.c.h; name = ES1Renderer.h; path = libs/cocos2d/Platforms/iOS/ES1Renderer.h; sourceTree = "<group>"; };
		67BBC5E4161B6473002E5CC4 /* ES1Renderer.m */ = {isa = PBXFileReference; lastKnownFileType = sourcecode.c.objc; name = ES1Renderer.m; path = libs/cocos2d/Platforms/iOS/ES1Renderer.m; sourceTree = "<group>"; };
		67BBC5E6161B6473002E5CC4 /* ESRenderer.h */ = {isa = PBXFileReference; lastKnownFileType = sourcecode.c.h; name = ESRenderer.h; path = libs/cocos2d/Platforms/iOS/ESRenderer.h; sourceTree = "<group>"; };
		67BBC5E7161B6473002E5CC4 /* glu.c */ = {isa = PBXFileReference; lastKnownFileType = sourcecode.c.c; name = glu.c; path = libs/cocos2d/Platforms/iOS/glu.c; sourceTree = "<group>"; };
		67BBC5E9161B6473002E5CC4 /* glu.h */ = {isa = PBXFileReference; lastKnownFileType = sourcecode.c.h; name = glu.h; path = libs/cocos2d/Platforms/iOS/glu.h; sourceTree = "<group>"; };
		67BBC5EB161B6473002E5CC4 /* CCDirectorMac.h */ = {isa = PBXFileReference; lastKnownFileType = sourcecode.c.h; name = CCDirectorMac.h; path = libs/cocos2d/Platforms/Mac/CCDirectorMac.h; sourceTree = "<group>"; };
		67BBC5EC161B6473002E5CC4 /* CCDirectorMac.m */ = {isa = PBXFileReference; lastKnownFileType = sourcecode.c.objc; name = CCDirectorMac.m; path = libs/cocos2d/Platforms/Mac/CCDirectorMac.m; sourceTree = "<group>"; };
		67BBC5EE161B6473002E5CC4 /* CCEventDispatcher.h */ = {isa = PBXFileReference; lastKnownFileType = sourcecode.c.h; name = CCEventDispatcher.h; path = libs/cocos2d/Platforms/Mac/CCEventDispatcher.h; sourceTree = "<group>"; };
		67BBC5EF161B6473002E5CC4 /* CCEventDispatcher.m */ = {isa = PBXFileReference; lastKnownFileType = sourcecode.c.objc; name = CCEventDispatcher.m; path = libs/cocos2d/Platforms/Mac/CCEventDispatcher.m; sourceTree = "<group>"; };
		67BBC5F1161B6473002E5CC4 /* MacGLView.h */ = {isa = PBXFileReference; lastKnownFileType = sourcecode.c.h; name = MacGLView.h; path = libs/cocos2d/Platforms/Mac/MacGLView.h; sourceTree = "<group>"; };
		67BBC5F2161B6473002E5CC4 /* MacGLView.m */ = {isa = PBXFileReference; lastKnownFileType = sourcecode.c.objc; name = MacGLView.m; path = libs/cocos2d/Platforms/Mac/MacGLView.m; sourceTree = "<group>"; };
		67BBC5F4161B6473002E5CC4 /* MacWindow.h */ = {isa = PBXFileReference; lastKnownFileType = sourcecode.c.h; name = MacWindow.h; path = libs/cocos2d/Platforms/Mac/MacWindow.h; sourceTree = "<group>"; };
		67BBC5F5161B6473002E5CC4 /* MacWindow.m */ = {isa = PBXFileReference; lastKnownFileType = sourcecode.c.objc; name = MacWindow.m; path = libs/cocos2d/Platforms/Mac/MacWindow.m; sourceTree = "<group>"; };
		67BBC5F8161B6473002E5CC4 /* base64.c */ = {isa = PBXFileReference; lastKnownFileType = sourcecode.c.c; name = base64.c; path = libs/cocos2d/Support/base64.c; sourceTree = "<group>"; };
		67BBC5FA161B6473002E5CC4 /* base64.h */ = {isa = PBXFileReference; lastKnownFileType = sourcecode.c.h; name = base64.h; path = libs/cocos2d/Support/base64.h; sourceTree = "<group>"; };
		67BBC5FB161B6473002E5CC4 /* CCArray.h */ = {isa = PBXFileReference; lastKnownFileType = sourcecode.c.h; name = CCArray.h; path = libs/cocos2d/Support/CCArray.h; sourceTree = "<group>"; };
		67BBC5FC161B6473002E5CC4 /* CCArray.m */ = {isa = PBXFileReference; lastKnownFileType = sourcecode.c.objc; name = CCArray.m; path = libs/cocos2d/Support/CCArray.m; sourceTree = "<group>"; };
		67BBC5FE161B6473002E5CC4 /* ccCArray.h */ = {isa = PBXFileReference; lastKnownFileType = sourcecode.c.h; name = ccCArray.h; path = libs/cocos2d/Support/ccCArray.h; sourceTree = "<group>"; };
		67BBC5FF161B6473002E5CC4 /* CCFileUtils.h */ = {isa = PBXFileReference; lastKnownFileType = sourcecode.c.h; name = CCFileUtils.h; path = libs/cocos2d/Support/CCFileUtils.h; sourceTree = "<group>"; };
		67BBC600161B6473002E5CC4 /* CCFileUtils.m */ = {isa = PBXFileReference; lastKnownFileType = sourcecode.c.objc; name = CCFileUtils.m; path = libs/cocos2d/Support/CCFileUtils.m; sourceTree = "<group>"; };
		67BBC602161B6473002E5CC4 /* CCProfiling.h */ = {isa = PBXFileReference; lastKnownFileType = sourcecode.c.h; name = CCProfiling.h; path = libs/cocos2d/Support/CCProfiling.h; sourceTree = "<group>"; };
		67BBC603161B6473002E5CC4 /* CCProfiling.m */ = {isa = PBXFileReference; lastKnownFileType = sourcecode.c.objc; name = CCProfiling.m; path = libs/cocos2d/Support/CCProfiling.m; sourceTree = "<group>"; };
		67BBC605161B6473002E5CC4 /* ccUtils.c */ = {isa = PBXFileReference; lastKnownFileType = sourcecode.c.c; name = ccUtils.c; path = libs/cocos2d/Support/ccUtils.c; sourceTree = "<group>"; };
		67BBC607161B6473002E5CC4 /* ccUtils.h */ = {isa = PBXFileReference; lastKnownFileType = sourcecode.c.h; name = ccUtils.h; path = libs/cocos2d/Support/ccUtils.h; sourceTree = "<group>"; };
		67BBC608161B6473002E5CC4 /* CGPointExtension.h */ = {isa = PBXFileReference; lastKnownFileType = sourcecode.c.h; name = CGPointExtension.h; path = libs/cocos2d/Support/CGPointExtension.h; sourceTree = "<group>"; };
		67BBC609161B6473002E5CC4 /* CGPointExtension.m */ = {isa = PBXFileReference; lastKnownFileType = sourcecode.c.objc; name = CGPointExtension.m; path = libs/cocos2d/Support/CGPointExtension.m; sourceTree = "<group>"; };
		67BBC60B161B6473002E5CC4 /* OpenGL_Internal.h */ = {isa = PBXFileReference; lastKnownFileType = sourcecode.c.h; name = OpenGL_Internal.h; path = libs/cocos2d/Support/OpenGL_Internal.h; sourceTree = "<group>"; };
		67BBC60C161B6473002E5CC4 /* TGAlib.h */ = {isa = PBXFileReference; lastKnownFileType = sourcecode.c.h; name = TGAlib.h; path = libs/cocos2d/Support/TGAlib.h; sourceTree = "<group>"; };
		67BBC60D161B6473002E5CC4 /* TGAlib.m */ = {isa = PBXFileReference; lastKnownFileType = sourcecode.c.objc; name = TGAlib.m; path = libs/cocos2d/Support/TGAlib.m; sourceTree = "<group>"; };
		67BBC60F161B6473002E5CC4 /* TransformUtils.h */ = {isa = PBXFileReference; lastKnownFileType = sourcecode.c.h; name = TransformUtils.h; path = libs/cocos2d/Support/TransformUtils.h; sourceTree = "<group>"; };
		67BBC610161B6473002E5CC4 /* TransformUtils.m */ = {isa = PBXFileReference; lastKnownFileType = sourcecode.c.objc; name = TransformUtils.m; path = libs/cocos2d/Support/TransformUtils.m; sourceTree = "<group>"; };
		67BBC612161B6473002E5CC4 /* uthash.h */ = {isa = PBXFileReference; lastKnownFileType = sourcecode.c.h; name = uthash.h; path = libs/cocos2d/Support/uthash.h; sourceTree = "<group>"; };
		67BBC613161B6473002E5CC4 /* utlist.h */ = {isa = PBXFileReference; lastKnownFileType = sourcecode.c.h; name = utlist.h; path = libs/cocos2d/Support/utlist.h; sourceTree = "<group>"; };
		67BBC614161B6473002E5CC4 /* ZipUtils.h */ = {isa = PBXFileReference; lastKnownFileType = sourcecode.c.h; name = ZipUtils.h; path = libs/cocos2d/Support/ZipUtils.h; sourceTree = "<group>"; };
		67BBC615161B6473002E5CC4 /* ZipUtils.m */ = {isa = PBXFileReference; lastKnownFileType = sourcecode.c.objc; name = ZipUtils.m; path = libs/cocos2d/Support/ZipUtils.m; sourceTree = "<group>"; };
		67BBC617161B6473002E5CC4 /* LICENSE_cocos2d.txt */ = {isa = PBXFileReference; lastKnownFileType = text; name = LICENSE_cocos2d.txt; path = libs/LICENSE_cocos2d.txt; sourceTree = "<group>"; };
		67BBC619161B6473002E5CC4 /* CDAudioManager.h */ = {isa = PBXFileReference; lastKnownFileType = sourcecode.c.h; name = CDAudioManager.h; path = libs/CocosDenshion/CDAudioManager.h; sourceTree = "<group>"; };
		67BBC61A161B6473002E5CC4 /* CDAudioManager.m */ = {isa = PBXFileReference; lastKnownFileType = sourcecode.c.objc; name = CDAudioManager.m; path = libs/CocosDenshion/CDAudioManager.m; sourceTree = "<group>"; };
		67BBC61C161B6473002E5CC4 /* CDConfig.h */ = {isa = PBXFileReference; lastKnownFileType = sourcecode.c.h; name = CDConfig.h; path = libs/CocosDenshion/CDConfig.h; sourceTree = "<group>"; };
		67BBC61D161B6473002E5CC4 /* CDOpenALSupport.h */ = {isa = PBXFileReference; lastKnownFileType = sourcecode.c.h; name = CDOpenALSupport.h; path = libs/CocosDenshion/CDOpenALSupport.h; sourceTree = "<group>"; };
		67BBC61E161B6473002E5CC4 /* CDOpenALSupport.m */ = {isa = PBXFileReference; lastKnownFileType = sourcecode.c.objc; name = CDOpenALSupport.m; path = libs/CocosDenshion/CDOpenALSupport.m; sourceTree = "<group>"; };
		67BBC620161B6473002E5CC4 /* CocosDenshion.h */ = {isa = PBXFileReference; lastKnownFileType = sourcecode.c.h; name = CocosDenshion.h; path = libs/CocosDenshion/CocosDenshion.h; sourceTree = "<group>"; };
		67BBC621161B6473002E5CC4 /* CocosDenshion.m */ = {isa = PBXFileReference; lastKnownFileType = sourcecode.c.objc; name = CocosDenshion.m; path = libs/CocosDenshion/CocosDenshion.m; sourceTree = "<group>"; };
		67BBC623161B6473002E5CC4 /* SimpleAudioEngine.h */ = {isa = PBXFileReference; lastKnownFileType = sourcecode.c.h; name = SimpleAudioEngine.h; path = libs/CocosDenshion/SimpleAudioEngine.h; sourceTree = "<group>"; };
		67BBC624161B6473002E5CC4 /* SimpleAudioEngine.m */ = {isa = PBXFileReference; lastKnownFileType = sourcecode.c.objc; name = SimpleAudioEngine.m; path = libs/CocosDenshion/SimpleAudioEngine.m; sourceTree = "<group>"; };
		67BBC626161B6473002E5CC4 /* LICENSE_CocosDenshion.txt */ = {isa = PBXFileReference; lastKnownFileType = text; name = LICENSE_CocosDenshion.txt; path = libs/LICENSE_CocosDenshion.txt; sourceTree = "<group>"; };
		67BBC628161B6473002E5CC4 /* CLScoreServerPost.h */ = {isa = PBXFileReference; lastKnownFileType = sourcecode.c.h; name = CLScoreServerPost.h; path = libs/cocoslive/CLScoreServerPost.h; sourceTree = "<group>"; };
		67BBC629161B6473002E5CC4 /* CLScoreServerPost.m */ = {isa = PBXFileReference; lastKnownFileType = sourcecode.c.objc; name = CLScoreServerPost.m; path = libs/cocoslive/CLScoreServerPost.m; sourceTree = "<group>"; };
		67BBC62B161B6473002E5CC4 /* CLScoreServerRequest.h */ = {isa = PBXFileReference; lastKnownFileType = sourcecode.c.h; name = CLScoreServerRequest.h; path = libs/cocoslive/CLScoreServerRequest.h; sourceTree = "<group>"; };
		67BBC62C161B6473002E5CC4 /* CLScoreServerRequest.m */ = {isa = PBXFileReference; lastKnownFileType = sourcecode.c.objc; name = CLScoreServerRequest.m; path = libs/cocoslive/CLScoreServerRequest.m; sourceTree = "<group>"; };
		67BBC62E161B6473002E5CC4 /* cocoslive.h */ = {isa = PBXFileReference; lastKnownFileType = sourcecode.c.h; name = cocoslive.h; path = libs/cocoslive/cocoslive.h; sourceTree = "<group>"; };
		67BBC62F161B6473002E5CC4 /* cocoslive.m */ = {isa = PBXFileReference; lastKnownFileType = sourcecode.c.objc; name = cocoslive.m; path = libs/cocoslive/cocoslive.m; sourceTree = "<group>"; };
		67BBC631161B6473002E5CC4 /* LICENSE_TouchJSON.txt */ = {isa = PBXFileReference; lastKnownFileType = text; name = LICENSE_TouchJSON.txt; path = libs/LICENSE_TouchJSON.txt; sourceTree = "<group>"; };
		67BBC633161B6473002E5CC4 /* CDataScanner.h */ = {isa = PBXFileReference; lastKnownFileType = sourcecode.c.h; name = CDataScanner.h; path = libs/TouchJSON/CDataScanner.h; sourceTree = "<group>"; };
		67BBC634161B6473002E5CC4 /* CDataScanner.m */ = {isa = PBXFileReference; lastKnownFileType = sourcecode.c.objc; name = CDataScanner.m; path = libs/TouchJSON/CDataScanner.m; sourceTree = "<group>"; };
		67BBC637161B6473002E5CC4 /* CDataScanner_Extensions.h */ = {isa = PBXFileReference; lastKnownFileType = sourcecode.c.h; name = CDataScanner_Extensions.h; path = libs/TouchJSON/Extensions/CDataScanner_Extensions.h; sourceTree = "<group>"; };
		67BBC638161B6473002E5CC4 /* CDataScanner_Extensions.m */ = {isa = PBXFileReference; lastKnownFileType = sourcecode.c.objc; name = CDataScanner_Extensions.m; path = libs/TouchJSON/Extensions/CDataScanner_Extensions.m; sourceTree = "<group>"; };
		67BBC63A161B6473002E5CC4 /* NSDictionary_JSONExtensions.h */ = {isa = PBXFileReference; lastKnownFileType = sourcecode.c.h; name = NSDictionary_JSONExtensions.h; path = libs/TouchJSON/Extensions/NSDictionary_JSONExtensions.h; sourceTree = "<group>"; };
		67BBC63B161B6473002E5CC4 /* NSDictionary_JSONExtensions.m */ = {isa = PBXFileReference; lastKnownFileType = sourcecode.c.objc; name = NSDictionary_JSONExtensions.m; path = libs/TouchJSON/Extensions/NSDictionary_JSONExtensions.m; sourceTree = "<group>"; };
		67BBC63E161B6473002E5CC4 /* CJSONDeserializer.h */ = {isa = PBXFileReference; lastKnownFileType = sourcecode.c.h; name = CJSONDeserializer.h; path = libs/TouchJSON/JSON/CJSONDeserializer.h; sourceTree = "<group>"; };
		67BBC63F161B6473002E5CC4 /* CJSONDeserializer.m */ = {isa = PBXFileReference; lastKnownFileType = sourcecode.c.objc; name = CJSONDeserializer.m; path = libs/TouchJSON/JSON/CJSONDeserializer.m; sourceTree = "<group>"; };
		67BBC641161B6473002E5CC4 /* CJSONScanner.h */ = {isa = PBXFileReference; lastKnownFileType = sourcecode.c.h; name = CJSONScanner.h; path = libs/TouchJSON/JSON/CJSONScanner.h; sourceTree = "<group>"; };
		67BBC642161B6473002E5CC4 /* CJSONScanner.m */ = {isa = PBXFileReference; lastKnownFileType = sourcecode.c.objc; name = CJSONScanner.m; path = libs/TouchJSON/JSON/CJSONScanner.m; sourceTree = "<group>"; };
		67BBC644161B6473002E5CC4 /* CJSONSerializer.h */ = {isa = PBXFileReference; lastKnownFileType = sourcecode.c.h; name = CJSONSerializer.h; path = libs/TouchJSON/JSON/CJSONSerializer.h; sourceTree = "<group>"; };
		67BBC645161B6473002E5CC4 /* CJSONSerializer.m */ = {isa = PBXFileReference; lastKnownFileType = sourcecode.c.objc; name = CJSONSerializer.m; path = libs/TouchJSON/JSON/CJSONSerializer.m; sourceTree = "<group>"; };
		67BBC647161B6473002E5CC4 /* JSONRepresentation.h */ = {isa = PBXFileReference; lastKnownFileType = sourcecode.c.h; name = JSONRepresentation.h; path = libs/TouchJSON/JSON/JSONRepresentation.h; sourceTree = "<group>"; };
		67BBC649161B6473002E5CC4 /* FontLabel.h */ = {isa = PBXFileReference; lastKnownFileType = sourcecode.c.h; name = FontLabel.h; path = libs/FontLabel/FontLabel.h; sourceTree = "<group>"; };
		67BBC64A161B6473002E5CC4 /* FontLabel.m */ = {isa = PBXFileReference; lastKnownFileType = sourcecode.c.objc; name = FontLabel.m; path = libs/FontLabel/FontLabel.m; sourceTree = "<group>"; };
		67BBC64C161B6473002E5CC4 /* FontLabelStringDrawing.h */ = {isa = PBXFileReference; lastKnownFileType = sourcecode.c.h; name = FontLabelStringDrawing.h; path = libs/FontLabel/FontLabelStringDrawing.h; sourceTree = "<group>"; };
		67BBC64D161B6473002E5CC4 /* FontLabelStringDrawing.m */ = {isa = PBXFileReference; lastKnownFileType = sourcecode.c.objc; name = FontLabelStringDrawing.m; path = libs/FontLabel/FontLabelStringDrawing.m; sourceTree = "<group>"; };
		67BBC64F161B6473002E5CC4 /* FontManager.h */ = {isa = PBXFileReference; lastKnownFileType = sourcecode.c.h; name = FontManager.h; path = libs/FontLabel/FontManager.h; sourceTree = "<group>"; };
		67BBC650161B6473002E5CC4 /* FontManager.m */ = {isa = PBXFileReference; lastKnownFileType = sourcecode.c.objc; name = FontManager.m; path = libs/FontLabel/FontManager.m; sourceTree = "<group>"; };
		67BBC652161B6473002E5CC4 /* ZAttributedString.h */ = {isa = PBXFileReference; lastKnownFileType = sourcecode.c.h; name = ZAttributedString.h; path = libs/FontLabel/ZAttributedString.h; sourceTree = "<group>"; };
		67BBC653161B6473002E5CC4 /* ZAttributedString.m */ = {isa = PBXFileReference; lastKnownFileType = sourcecode.c.objc; name = ZAttributedString.m; path = libs/FontLabel/ZAttributedString.m; sourceTree = "<group>"; };
		67BBC655161B6473002E5CC4 /* ZAttributedStringPrivate.h */ = {isa = PBXFileReference; lastKnownFileType = sourcecode.c.h; name = ZAttributedStringPrivate.h; path = libs/FontLabel/ZAttributedStringPrivate.h; sourceTree = "<group>"; };
		67BBC656161B6473002E5CC4 /* ZFont.h */ = {isa = PBXFileReference; lastKnownFileType = sourcecode.c.h; name = ZFont.h; path = libs/FontLabel/ZFont.h; sourceTree = "<group>"; };
		67BBC657161B6473002E5CC4 /* ZFont.m */ = {isa = PBXFileReference; lastKnownFileType = sourcecode.c.objc; name = ZFont.m; path = libs/FontLabel/ZFont.m; sourceTree = "<group>"; };
		67BBC659161B6473002E5CC4 /* LICENSE_FontLabel.txt */ = {isa = PBXFileReference; lastKnownFileType = text; name = LICENSE_FontLabel.txt; path = libs/LICENSE_FontLabel.txt; sourceTree = "<group>"; };
		67BBC65B161B6473002E5CC4 /* Prefix.pch */ = {isa = PBXFileReference; lastKnownFileType = sourcecode.c.h; path = Prefix.pch; sourceTree = "<group>"; };
		67BBC65C161B6473002E5CC4 /* main.m */ = {isa = PBXFileReference; lastKnownFileType = sourcecode.c.objc; path = main.m; sourceTree = "<group>"; };
		67BBC65E161B6473002E5CC4 /* AppDelegate.h */ = {isa = PBXFileReference; lastKnownFileType = sourcecode.c.h; path = AppDelegate.h; sourceTree = "<group>"; };
		67BBC65F161B6473002E5CC4 /* AppDelegate.m */ = {isa = PBXFileReference; lastKnownFileType = sourcecode.c.objc; path = AppDelegate.m; sourceTree = "<group>"; };
		67BBC661161B6473002E5CC4 /* RootViewController.h */ = {isa = PBXFileReference; lastKnownFileType = sourcecode.c.h; path = RootViewController.h; sourceTree = "<group>"; };
		67BBC662161B6473002E5CC4 /* RootViewController.m */ = {isa = PBXFileReference; lastKnownFileType = sourcecode.c.objc; path = RootViewController.m; sourceTree = "<group>"; };
		67BBC664161B6473002E5CC4 /* HelloWorldLayer.h */ = {isa = PBXFileReference; lastKnownFileType = sourcecode.c.h; path = HelloWorldLayer.h; sourceTree = "<group>"; };
		67BBC665161B6473002E5CC4 /* HelloWorldLayer.m */ = {isa = PBXFileReference; lastKnownFileType = sourcecode.c.objc; path = HelloWorldLayer.m; sourceTree = "<group>"; };
		67BBC667161B6473002E5CC4 /* GameConfig.h */ = {isa = PBXFileReference; lastKnownFileType = sourcecode.c.h; path = GameConfig.h; sourceTree = "<group>"; };
		67BBC672161B6668002E5CC4 /* en */ = {isa = PBXFileReference; lastKnownFileType = text.plist.strings; name = en; path = Resources/en.lproj/Localizable.strings; sourceTree = "<group>"; };
		67BBC674161B6668002E5CC4 /* en */ = {isa = PBXFileReference; lastKnownFileType = image.png; name = en; path = Resources/en.lproj/logo.png; sourceTree = "<group>"; };
		67BBC678161B6671002E5CC4 /* es */ = {isa = PBXFileReference; lastKnownFileType = text.plist.strings; name = es; path = Resources/es.lproj/Localizable.strings; sourceTree = "<group>"; };
		67BBC679161B6671002E5CC4 /* es */ = {isa = PBXFileReference; lastKnownFileType = image.png; name = es; path = Resources/es.lproj/logo.png; sourceTree = "<group>"; };
/* End PBXFileReference section */

/* Begin PBXFrameworksBuildPhase section */
		67BBC4F2161B6472002E5CC4 /* Frameworks */ = {
			isa = PBXFrameworksBuildPhase;
			buildActionMask = 2147483647;
			files = (
				67BBC4FA161B6472002E5CC4 /* QuartzCore.framework in Frameworks */,
				67BBC4FC161B6472002E5CC4 /* OpenGLES.framework in Frameworks */,
				67BBC4FE161B6472002E5CC4 /* OpenAL.framework in Frameworks */,
				67BBC500161B6472002E5CC4 /* AudioToolbox.framework in Frameworks */,
				67BBC502161B6472002E5CC4 /* AVFoundation.framework in Frameworks */,
				67BBC504161B6472002E5CC4 /* UIKit.framework in Frameworks */,
				67BBC506161B6472002E5CC4 /* Foundation.framework in Frameworks */,
				67BBC508161B6472002E5CC4 /* CoreGraphics.framework in Frameworks */,
			);
			runOnlyForDeploymentPostprocessing = 0;
		};
/* End PBXFrameworksBuildPhase section */

/* Begin PBXGroup section */
		67BBC4EA161B6472002E5CC4 = {
			isa = PBXGroup;
			children = (
				67BBC509161B6472002E5CC4 /* LocalizedCocos2dExample */,
				67BBC4F8161B6472002E5CC4 /* Frameworks */,
				67BBC4F6161B6472002E5CC4 /* Products */,
			);
			sourceTree = "<group>";
		};
		67BBC4F6161B6472002E5CC4 /* Products */ = {
			isa = PBXGroup;
			children = (
				67BBC4F5161B6472002E5CC4 /* LocalizedCocos2dExample.app */,
			);
			name = Products;
			sourceTree = "<group>";
		};
		67BBC4F8161B6472002E5CC4 /* Frameworks */ = {
			isa = PBXGroup;
			children = (
				67BBC4F9161B6472002E5CC4 /* QuartzCore.framework */,
				67BBC4FB161B6472002E5CC4 /* OpenGLES.framework */,
				67BBC4FD161B6472002E5CC4 /* OpenAL.framework */,
				67BBC4FF161B6472002E5CC4 /* AudioToolbox.framework */,
				67BBC501161B6472002E5CC4 /* AVFoundation.framework */,
				67BBC503161B6472002E5CC4 /* UIKit.framework */,
				67BBC505161B6472002E5CC4 /* Foundation.framework */,
				67BBC507161B6472002E5CC4 /* CoreGraphics.framework */,
			);
			name = Frameworks;
			sourceTree = "<group>";
		};
		67BBC509161B6472002E5CC4 /* LocalizedCocos2dExample */ = {
			isa = PBXGroup;
			children = (
				67BBC65E161B6473002E5CC4 /* AppDelegate.h */,
				67BBC65F161B6473002E5CC4 /* AppDelegate.m */,
				67BBC661161B6473002E5CC4 /* RootViewController.h */,
				67BBC662161B6473002E5CC4 /* RootViewController.m */,
				67BBC664161B6473002E5CC4 /* HelloWorldLayer.h */,
				67BBC665161B6473002E5CC4 /* HelloWorldLayer.m */,
				67BBC667161B6473002E5CC4 /* GameConfig.h */,
				67BBC50A161B6472002E5CC4 /* Resources */,
				67BBC51E161B6472002E5CC4 /* libs */,
				67BBC65A161B6473002E5CC4 /* Supporting Files */,
			);
			path = LocalizedCocos2dExample;
			sourceTree = "<group>";
		};
		67BBC50A161B6472002E5CC4 /* Resources */ = {
			isa = PBXGroup;
			children = (
				67BBC671161B6668002E5CC4 /* Localizable.strings */,
				67BBC673161B6668002E5CC4 /* logo.png */,
				67BBC50B161B6472002E5CC4 /* Default.png */,
				67BBC50D161B6472002E5CC4 /* fps_images.png */,
				67BBC50F161B6472002E5CC4 /* Icon-72.png */,
				67BBC511161B6472002E5CC4 /* Icon-Small-50.png */,
				67BBC513161B6472002E5CC4 /* Icon-Small.png */,
				67BBC515161B6472002E5CC4 /* Icon-Small@2x.png */,
				67BBC517161B6472002E5CC4 /* Icon.png */,
				67BBC519161B6472002E5CC4 /* Icon@2x.png */,
				67BBC51B161B6472002E5CC4 /* Info.plist */,
				67BBC51C161B6472002E5CC4 /* iTunesArtwork */,
			);
			name = Resources;
			sourceTree = "<group>";
		};
		67BBC51E161B6472002E5CC4 /* libs */ = {
			isa = PBXGroup;
			children = (
				67BBC617161B6473002E5CC4 /* LICENSE_cocos2d.txt */,
				67BBC626161B6473002E5CC4 /* LICENSE_CocosDenshion.txt */,
				67BBC631161B6473002E5CC4 /* LICENSE_TouchJSON.txt */,
				67BBC659161B6473002E5CC4 /* LICENSE_FontLabel.txt */,
				67BBC51F161B6472002E5CC4 /* cocos2d */,
				67BBC618161B6473002E5CC4 /* CocosDenshion */,
				67BBC627161B6473002E5CC4 /* cocoslive */,
				67BBC632161B6473002E5CC4 /* TouchJSON */,
				67BBC648161B6473002E5CC4 /* FontLabel */,
			);
			name = libs;
			sourceTree = "<group>";
		};
		67BBC51F161B6472002E5CC4 /* cocos2d */ = {
			isa = PBXGroup;
			children = (
				67BBC520161B6472002E5CC4 /* CCAction.h */,
				67BBC521161B6472002E5CC4 /* CCAction.m */,
				67BBC523161B6472002E5CC4 /* CCActionCamera.h */,
				67BBC524161B6472002E5CC4 /* CCActionCamera.m */,
				67BBC526161B6472002E5CC4 /* CCActionEase.h */,
				67BBC527161B6472002E5CC4 /* CCActionEase.m */,
				67BBC529161B6472002E5CC4 /* CCActionGrid.h */,
				67BBC52A161B6472002E5CC4 /* CCActionGrid.m */,
				67BBC52C161B6472002E5CC4 /* CCActionGrid3D.h */,
				67BBC52D161B6472002E5CC4 /* CCActionGrid3D.m */,
				67BBC52F161B6472002E5CC4 /* CCActionInstant.h */,
				67BBC530161B6472002E5CC4 /* CCActionInstant.m */,
				67BBC532161B6472002E5CC4 /* CCActionInterval.h */,
				67BBC533161B6472002E5CC4 /* CCActionInterval.m */,
				67BBC535161B6472002E5CC4 /* CCActionManager.h */,
				67BBC536161B6472002E5CC4 /* CCActionManager.m */,
				67BBC538161B6472002E5CC4 /* CCActionPageTurn3D.h */,
				67BBC539161B6472002E5CC4 /* CCActionPageTurn3D.m */,
				67BBC53B161B6472002E5CC4 /* CCActionProgressTimer.h */,
				67BBC53C161B6472002E5CC4 /* CCActionProgressTimer.m */,
				67BBC53E161B6472002E5CC4 /* CCActionTiledGrid.h */,
				67BBC53F161B6472002E5CC4 /* CCActionTiledGrid.m */,
				67BBC541161B6472002E5CC4 /* CCActionTween.h */,
				67BBC542161B6472002E5CC4 /* CCActionTween.m */,
				67BBC544161B6472002E5CC4 /* CCAnimation.h */,
				67BBC545161B6472002E5CC4 /* CCAnimation.m */,
				67BBC547161B6472002E5CC4 /* CCAnimationCache.h */,
				67BBC548161B6472002E5CC4 /* CCAnimationCache.m */,
				67BBC54A161B6472002E5CC4 /* CCAtlasNode.h */,
				67BBC54B161B6472002E5CC4 /* CCAtlasNode.m */,
				67BBC54D161B6472002E5CC4 /* CCBlockSupport.h */,
				67BBC54E161B6472002E5CC4 /* CCBlockSupport.m */,
				67BBC550161B6472002E5CC4 /* CCCamera.h */,
				67BBC551161B6472002E5CC4 /* CCCamera.m */,
				67BBC553161B6472002E5CC4 /* ccConfig.h */,
				67BBC554161B6472002E5CC4 /* CCConfiguration.h */,
				67BBC555161B6472002E5CC4 /* CCConfiguration.m */,
				67BBC557161B6472002E5CC4 /* CCDirector.h */,
				67BBC558161B6472002E5CC4 /* CCDirector.m */,
				67BBC55A161B6472002E5CC4 /* CCDrawingPrimitives.h */,
				67BBC55B161B6472002E5CC4 /* CCDrawingPrimitives.m */,
				67BBC55D161B6472002E5CC4 /* CCGrabber.h */,
				67BBC55E161B6472002E5CC4 /* CCGrabber.m */,
				67BBC560161B6472002E5CC4 /* CCGrid.h */,
				67BBC561161B6472002E5CC4 /* CCGrid.m */,
				67BBC563161B6472002E5CC4 /* CCLabelAtlas.h */,
				67BBC564161B6472002E5CC4 /* CCLabelAtlas.m */,
				67BBC566161B6472002E5CC4 /* CCLabelBMFont.h */,
				67BBC567161B6472002E5CC4 /* CCLabelBMFont.m */,
				67BBC569161B6472002E5CC4 /* CCLabelTTF.h */,
				67BBC56A161B6472002E5CC4 /* CCLabelTTF.m */,
				67BBC56C161B6472002E5CC4 /* CCLayer.h */,
				67BBC56D161B6472002E5CC4 /* CCLayer.m */,
				67BBC56F161B6472002E5CC4 /* ccMacros.h */,
				67BBC570161B6472002E5CC4 /* CCMenu.h */,
				67BBC571161B6472002E5CC4 /* CCMenu.m */,
				67BBC573161B6472002E5CC4 /* CCMenuItem.h */,
				67BBC574161B6472002E5CC4 /* CCMenuItem.m */,
				67BBC576161B6472002E5CC4 /* CCMotionStreak.h */,
				67BBC577161B6472002E5CC4 /* CCMotionStreak.m */,
				67BBC579161B6472002E5CC4 /* CCNode.h */,
				67BBC57A161B6472002E5CC4 /* CCNode.m */,
				67BBC57C161B6472002E5CC4 /* CCParallaxNode.h */,
				67BBC57D161B6472002E5CC4 /* CCParallaxNode.m */,
				67BBC57F161B6472002E5CC4 /* CCParticleBatchNode.h */,
				67BBC580161B6472002E5CC4 /* CCParticleBatchNode.m */,
				67BBC582161B6472002E5CC4 /* CCParticleExamples.h */,
				67BBC583161B6472002E5CC4 /* CCParticleExamples.m */,
				67BBC585161B6472002E5CC4 /* CCParticleSystem.h */,
				67BBC586161B6472002E5CC4 /* CCParticleSystem.m */,
				67BBC588161B6472002E5CC4 /* CCParticleSystemPoint.h */,
				67BBC589161B6472002E5CC4 /* CCParticleSystemPoint.m */,
				67BBC58B161B6472002E5CC4 /* CCParticleSystemQuad.h */,
				67BBC58C161B6472002E5CC4 /* CCParticleSystemQuad.m */,
				67BBC58E161B6472002E5CC4 /* CCProgressTimer.h */,
				67BBC58F161B6472002E5CC4 /* CCProgressTimer.m */,
				67BBC591161B6472002E5CC4 /* CCProtocols.h */,
				67BBC592161B6472002E5CC4 /* CCRenderTexture.h */,
				67BBC593161B6472002E5CC4 /* CCRenderTexture.m */,
				67BBC595161B6472002E5CC4 /* CCRibbon.h */,
				67BBC596161B6472002E5CC4 /* CCRibbon.m */,
				67BBC598161B6472002E5CC4 /* CCScene.h */,
				67BBC599161B6472002E5CC4 /* CCScene.m */,
				67BBC59B161B6472002E5CC4 /* CCScheduler.h */,
				67BBC59C161B6472002E5CC4 /* CCScheduler.m */,
				67BBC59E161B6472002E5CC4 /* CCSprite.h */,
				67BBC59F161B6472002E5CC4 /* CCSprite.m */,
				67BBC5A1161B6472002E5CC4 /* CCSpriteBatchNode.h */,
				67BBC5A2161B6472002E5CC4 /* CCSpriteBatchNode.m */,
				67BBC5A4161B6472002E5CC4 /* CCSpriteFrame.h */,
				67BBC5A5161B6472002E5CC4 /* CCSpriteFrame.m */,
				67BBC5A7161B6472002E5CC4 /* CCSpriteFrameCache.h */,
				67BBC5A8161B6472002E5CC4 /* CCSpriteFrameCache.m */,
				67BBC5AA161B6472002E5CC4 /* CCTexture2D.h */,
				67BBC5AB161B6473002E5CC4 /* CCTexture2D.m */,
				67BBC5AD161B6473002E5CC4 /* CCTextureAtlas.h */,
				67BBC5AE161B6473002E5CC4 /* CCTextureAtlas.m */,
				67BBC5B0161B6473002E5CC4 /* CCTextureCache.h */,
				67BBC5B1161B6473002E5CC4 /* CCTextureCache.m */,
				67BBC5B3161B6473002E5CC4 /* CCTexturePVR.h */,
				67BBC5B4161B6473002E5CC4 /* CCTexturePVR.m */,
				67BBC5B6161B6473002E5CC4 /* CCTileMapAtlas.h */,
				67BBC5B7161B6473002E5CC4 /* CCTileMapAtlas.m */,
				67BBC5B9161B6473002E5CC4 /* CCTMXLayer.h */,
				67BBC5BA161B6473002E5CC4 /* CCTMXLayer.m */,
				67BBC5BC161B6473002E5CC4 /* CCTMXObjectGroup.h */,
				67BBC5BD161B6473002E5CC4 /* CCTMXObjectGroup.m */,
				67BBC5BF161B6473002E5CC4 /* CCTMXTiledMap.h */,
				67BBC5C0161B6473002E5CC4 /* CCTMXTiledMap.m */,
				67BBC5C2161B6473002E5CC4 /* CCTMXXMLParser.h */,
				67BBC5C3161B6473002E5CC4 /* CCTMXXMLParser.m */,
				67BBC5C5161B6473002E5CC4 /* CCTransition.h */,
				67BBC5C6161B6473002E5CC4 /* CCTransition.m */,
				67BBC5C8161B6473002E5CC4 /* CCTransitionPageTurn.h */,
				67BBC5C9161B6473002E5CC4 /* CCTransitionPageTurn.m */,
				67BBC5CB161B6473002E5CC4 /* CCTransitionRadial.h */,
				67BBC5CC161B6473002E5CC4 /* CCTransitionRadial.m */,
				67BBC5CE161B6473002E5CC4 /* ccTypes.h */,
				67BBC5CF161B6473002E5CC4 /* cocos2d.h */,
				67BBC5D0161B6473002E5CC4 /* cocos2d.m */,
				67BBC5D2161B6473002E5CC4 /* Platforms */,
				67BBC5F7161B6473002E5CC4 /* Support */,
			);
			name = cocos2d;
			sourceTree = "<group>";
		};
		67BBC5D2161B6473002E5CC4 /* Platforms */ = {
			isa = PBXGroup;
			children = (
				67BBC5D3161B6473002E5CC4 /* CCGL.h */,
				67BBC5D4161B6473002E5CC4 /* CCNS.h */,
				67BBC5D5161B6473002E5CC4 /* iOS */,
				67BBC5EA161B6473002E5CC4 /* Mac */,
			);
			name = Platforms;
			sourceTree = "<group>";
		};
		67BBC5D5161B6473002E5CC4 /* iOS */ = {
			isa = PBXGroup;
			children = (
				67BBC5D6161B6473002E5CC4 /* CCDirectorIOS.h */,
				67BBC5D7161B6473002E5CC4 /* CCDirectorIOS.m */,
				67BBC5D9161B6473002E5CC4 /* CCTouchDelegateProtocol.h */,
				67BBC5DA161B6473002E5CC4 /* CCTouchDispatcher.h */,
				67BBC5DB161B6473002E5CC4 /* CCTouchDispatcher.m */,
				67BBC5DD161B6473002E5CC4 /* CCTouchHandler.h */,
				67BBC5DE161B6473002E5CC4 /* CCTouchHandler.m */,
				67BBC5E0161B6473002E5CC4 /* EAGLView.h */,
				67BBC5E1161B6473002E5CC4 /* EAGLView.m */,
				67BBC5E3161B6473002E5CC4 /* ES1Renderer.h */,
				67BBC5E4161B6473002E5CC4 /* ES1Renderer.m */,
				67BBC5E6161B6473002E5CC4 /* ESRenderer.h */,
				67BBC5E7161B6473002E5CC4 /* glu.c */,
				67BBC5E9161B6473002E5CC4 /* glu.h */,
			);
			name = iOS;
			sourceTree = "<group>";
		};
		67BBC5EA161B6473002E5CC4 /* Mac */ = {
			isa = PBXGroup;
			children = (
				67BBC5EB161B6473002E5CC4 /* CCDirectorMac.h */,
				67BBC5EC161B6473002E5CC4 /* CCDirectorMac.m */,
				67BBC5EE161B6473002E5CC4 /* CCEventDispatcher.h */,
				67BBC5EF161B6473002E5CC4 /* CCEventDispatcher.m */,
				67BBC5F1161B6473002E5CC4 /* MacGLView.h */,
				67BBC5F2161B6473002E5CC4 /* MacGLView.m */,
				67BBC5F4161B6473002E5CC4 /* MacWindow.h */,
				67BBC5F5161B6473002E5CC4 /* MacWindow.m */,
			);
			name = Mac;
			sourceTree = "<group>";
		};
		67BBC5F7161B6473002E5CC4 /* Support */ = {
			isa = PBXGroup;
			children = (
				67BBC5F8161B6473002E5CC4 /* base64.c */,
				67BBC5FA161B6473002E5CC4 /* base64.h */,
				67BBC5FB161B6473002E5CC4 /* CCArray.h */,
				67BBC5FC161B6473002E5CC4 /* CCArray.m */,
				67BBC5FE161B6473002E5CC4 /* ccCArray.h */,
				67BBC5FF161B6473002E5CC4 /* CCFileUtils.h */,
				67BBC600161B6473002E5CC4 /* CCFileUtils.m */,
				67BBC602161B6473002E5CC4 /* CCProfiling.h */,
				67BBC603161B6473002E5CC4 /* CCProfiling.m */,
				67BBC605161B6473002E5CC4 /* ccUtils.c */,
				67BBC607161B6473002E5CC4 /* ccUtils.h */,
				67BBC608161B6473002E5CC4 /* CGPointExtension.h */,
				67BBC609161B6473002E5CC4 /* CGPointExtension.m */,
				67BBC60B161B6473002E5CC4 /* OpenGL_Internal.h */,
				67BBC60C161B6473002E5CC4 /* TGAlib.h */,
				67BBC60D161B6473002E5CC4 /* TGAlib.m */,
				67BBC60F161B6473002E5CC4 /* TransformUtils.h */,
				67BBC610161B6473002E5CC4 /* TransformUtils.m */,
				67BBC612161B6473002E5CC4 /* uthash.h */,
				67BBC613161B6473002E5CC4 /* utlist.h */,
				67BBC614161B6473002E5CC4 /* ZipUtils.h */,
				67BBC615161B6473002E5CC4 /* ZipUtils.m */,
			);
			name = Support;
			sourceTree = "<group>";
		};
		67BBC618161B6473002E5CC4 /* CocosDenshion */ = {
			isa = PBXGroup;
			children = (
				67BBC619161B6473002E5CC4 /* CDAudioManager.h */,
				67BBC61A161B6473002E5CC4 /* CDAudioManager.m */,
				67BBC61C161B6473002E5CC4 /* CDConfig.h */,
				67BBC61D161B6473002E5CC4 /* CDOpenALSupport.h */,
				67BBC61E161B6473002E5CC4 /* CDOpenALSupport.m */,
				67BBC620161B6473002E5CC4 /* CocosDenshion.h */,
				67BBC621161B6473002E5CC4 /* CocosDenshion.m */,
				67BBC623161B6473002E5CC4 /* SimpleAudioEngine.h */,
				67BBC624161B6473002E5CC4 /* SimpleAudioEngine.m */,
			);
			name = CocosDenshion;
			sourceTree = "<group>";
		};
		67BBC627161B6473002E5CC4 /* cocoslive */ = {
			isa = PBXGroup;
			children = (
				67BBC628161B6473002E5CC4 /* CLScoreServerPost.h */,
				67BBC629161B6473002E5CC4 /* CLScoreServerPost.m */,
				67BBC62B161B6473002E5CC4 /* CLScoreServerRequest.h */,
				67BBC62C161B6473002E5CC4 /* CLScoreServerRequest.m */,
				67BBC62E161B6473002E5CC4 /* cocoslive.h */,
				67BBC62F161B6473002E5CC4 /* cocoslive.m */,
			);
			name = cocoslive;
			sourceTree = "<group>";
		};
		67BBC632161B6473002E5CC4 /* TouchJSON */ = {
			isa = PBXGroup;
			children = (
				67BBC633161B6473002E5CC4 /* CDataScanner.h */,
				67BBC634161B6473002E5CC4 /* CDataScanner.m */,
				67BBC636161B6473002E5CC4 /* Extensions */,
				67BBC63D161B6473002E5CC4 /* JSON */,
			);
			name = TouchJSON;
			sourceTree = "<group>";
		};
		67BBC636161B6473002E5CC4 /* Extensions */ = {
			isa = PBXGroup;
			children = (
				67BBC637161B6473002E5CC4 /* CDataScanner_Extensions.h */,
				67BBC638161B6473002E5CC4 /* CDataScanner_Extensions.m */,
				67BBC63A161B6473002E5CC4 /* NSDictionary_JSONExtensions.h */,
				67BBC63B161B6473002E5CC4 /* NSDictionary_JSONExtensions.m */,
			);
			name = Extensions;
			sourceTree = "<group>";
		};
		67BBC63D161B6473002E5CC4 /* JSON */ = {
			isa = PBXGroup;
			children = (
				67BBC63E161B6473002E5CC4 /* CJSONDeserializer.h */,
				67BBC63F161B6473002E5CC4 /* CJSONDeserializer.m */,
				67BBC641161B6473002E5CC4 /* CJSONScanner.h */,
				67BBC642161B6473002E5CC4 /* CJSONScanner.m */,
				67BBC644161B6473002E5CC4 /* CJSONSerializer.h */,
				67BBC645161B6473002E5CC4 /* CJSONSerializer.m */,
				67BBC647161B6473002E5CC4 /* JSONRepresentation.h */,
			);
			name = JSON;
			sourceTree = "<group>";
		};
		67BBC648161B6473002E5CC4 /* FontLabel */ = {
			isa = PBXGroup;
			children = (
				67BBC649161B6473002E5CC4 /* FontLabel.h */,
				67BBC64A161B6473002E5CC4 /* FontLabel.m */,
				67BBC64C161B6473002E5CC4 /* FontLabelStringDrawing.h */,
				67BBC64D161B6473002E5CC4 /* FontLabelStringDrawing.m */,
				67BBC64F161B6473002E5CC4 /* FontManager.h */,
				67BBC650161B6473002E5CC4 /* FontManager.m */,
				67BBC652161B6473002E5CC4 /* ZAttributedString.h */,
				67BBC653161B6473002E5CC4 /* ZAttributedString.m */,
				67BBC655161B6473002E5CC4 /* ZAttributedStringPrivate.h */,
				67BBC656161B6473002E5CC4 /* ZFont.h */,
				67BBC657161B6473002E5CC4 /* ZFont.m */,
			);
			name = FontLabel;
			sourceTree = "<group>";
		};
		67BBC65A161B6473002E5CC4 /* Supporting Files */ = {
			isa = PBXGroup;
			children = (
				67BBC65B161B6473002E5CC4 /* Prefix.pch */,
				67BBC65C161B6473002E5CC4 /* main.m */,
			);
			name = "Supporting Files";
			sourceTree = "<group>";
		};
/* End PBXGroup section */

/* Begin PBXNativeTarget section */
		67BBC4F4161B6472002E5CC4 /* LocalizedCocos2dExample */ = {
			isa = PBXNativeTarget;
			buildConfigurationList = 67BBC66A161B6473002E5CC4 /* Build configuration list for PBXNativeTarget "LocalizedCocos2dExample" */;
			buildPhases = (
				67BBC4F1161B6472002E5CC4 /* Sources */,
				67BBC4F2161B6472002E5CC4 /* Frameworks */,
				67BBC4F3161B6472002E5CC4 /* Resources */,
			);
			buildRules = (
			);
			dependencies = (
			);
			name = LocalizedCocos2dExample;
			productName = LocalizedCocos2dExample;
			productReference = 67BBC4F5161B6472002E5CC4 /* LocalizedCocos2dExample.app */;
			productType = "com.apple.product-type.application";
		};
/* End PBXNativeTarget section */

/* Begin PBXProject section */
		67BBC4EC161B6472002E5CC4 /* Project object */ = {
			isa = PBXProject;
			attributes = {
				LastUpgradeCheck = 0450;
			};
			buildConfigurationList = 67BBC4EF161B6472002E5CC4 /* Build configuration list for PBXProject "LocalizedCocos2dExample" */;
			compatibilityVersion = "Xcode 3.2";
			developmentRegion = English;
			hasScannedForEncodings = 0;
			knownRegions = (
				en,
				es,
			);
			mainGroup = 67BBC4EA161B6472002E5CC4;
			productRefGroup = 67BBC4F6161B6472002E5CC4 /* Products */;
			projectDirPath = "";
			projectRoot = "";
			targets = (
				67BBC4F4161B6472002E5CC4 /* LocalizedCocos2dExample */,
			);
		};
/* End PBXProject section */

/* Begin PBXResourcesBuildPhase section */
		67BBC4F3161B6472002E5CC4 /* Resources */ = {
			isa = PBXResourcesBuildPhase;
			buildActionMask = 2147483647;
			files = (
				67BBC50C161B6472002E5CC4 /* Default.png in Resources */,
				67BBC50E161B6472002E5CC4 /* fps_images.png in Resources */,
				67BBC510161B6472002E5CC4 /* Icon-72.png in Resources */,
				67BBC512161B6472002E5CC4 /* Icon-Small-50.png in Resources */,
				67BBC514161B6472002E5CC4 /* Icon-Small.png in Resources */,
				67BBC516161B6472002E5CC4 /* Icon-Small@2x.png in Resources */,
				67BBC518161B6472002E5CC4 /* Icon.png in Resources */,
				67BBC51A161B6472002E5CC4 /* Icon@2x.png in Resources */,
				67BBC51D161B6472002E5CC4 /* iTunesArtwork in Resources */,
				67BBC675161B6668002E5CC4 /* Localizable.strings in Resources */,
				67BBC676161B6668002E5CC4 /* logo.png in Resources */,
			);
			runOnlyForDeploymentPostprocessing = 0;
		};
/* End PBXResourcesBuildPhase section */

/* Begin PBXSourcesBuildPhase section */
		67BBC4F1161B6472002E5CC4 /* Sources */ = {
			isa = PBXSourcesBuildPhase;
			buildActionMask = 2147483647;
			files = (
				67BBC522161B6472002E5CC4 /* CCAction.m in Sources */,
				67BBC525161B6472002E5CC4 /* CCActionCamera.m in Sources */,
				67BBC528161B6472002E5CC4 /* CCActionEase.m in Sources */,
				67BBC52B161B6472002E5CC4 /* CCActionGrid.m in Sources */,
				67BBC52E161B6472002E5CC4 /* CCActionGrid3D.m in Sources */,
				67BBC531161B6472002E5CC4 /* CCActionInstant.m in Sources */,
				67BBC534161B6472002E5CC4 /* CCActionInterval.m in Sources */,
				67BBC537161B6472002E5CC4 /* CCActionManager.m in Sources */,
				67BBC53A161B6472002E5CC4 /* CCActionPageTurn3D.m in Sources */,
				67BBC53D161B6472002E5CC4 /* CCActionProgressTimer.m in Sources */,
				67BBC540161B6472002E5CC4 /* CCActionTiledGrid.m in Sources */,
				67BBC543161B6472002E5CC4 /* CCActionTween.m in Sources */,
				67BBC546161B6472002E5CC4 /* CCAnimation.m in Sources */,
				67BBC549161B6472002E5CC4 /* CCAnimationCache.m in Sources */,
				67BBC54C161B6472002E5CC4 /* CCAtlasNode.m in Sources */,
				67BBC54F161B6472002E5CC4 /* CCBlockSupport.m in Sources */,
				67BBC552161B6472002E5CC4 /* CCCamera.m in Sources */,
				67BBC556161B6472002E5CC4 /* CCConfiguration.m in Sources */,
				67BBC559161B6472002E5CC4 /* CCDirector.m in Sources */,
				67BBC55C161B6472002E5CC4 /* CCDrawingPrimitives.m in Sources */,
				67BBC55F161B6472002E5CC4 /* CCGrabber.m in Sources */,
				67BBC562161B6472002E5CC4 /* CCGrid.m in Sources */,
				67BBC565161B6472002E5CC4 /* CCLabelAtlas.m in Sources */,
				67BBC568161B6472002E5CC4 /* CCLabelBMFont.m in Sources */,
				67BBC56B161B6472002E5CC4 /* CCLabelTTF.m in Sources */,
				67BBC56E161B6472002E5CC4 /* CCLayer.m in Sources */,
				67BBC572161B6472002E5CC4 /* CCMenu.m in Sources */,
				67BBC575161B6472002E5CC4 /* CCMenuItem.m in Sources */,
				67BBC578161B6472002E5CC4 /* CCMotionStreak.m in Sources */,
				67BBC57B161B6472002E5CC4 /* CCNode.m in Sources */,
				67BBC57E161B6472002E5CC4 /* CCParallaxNode.m in Sources */,
				67BBC581161B6472002E5CC4 /* CCParticleBatchNode.m in Sources */,
				67BBC584161B6472002E5CC4 /* CCParticleExamples.m in Sources */,
				67BBC587161B6472002E5CC4 /* CCParticleSystem.m in Sources */,
				67BBC58A161B6472002E5CC4 /* CCParticleSystemPoint.m in Sources */,
				67BBC58D161B6472002E5CC4 /* CCParticleSystemQuad.m in Sources */,
				67BBC590161B6472002E5CC4 /* CCProgressTimer.m in Sources */,
				67BBC594161B6472002E5CC4 /* CCRenderTexture.m in Sources */,
				67BBC597161B6472002E5CC4 /* CCRibbon.m in Sources */,
				67BBC59A161B6472002E5CC4 /* CCScene.m in Sources */,
				67BBC59D161B6472002E5CC4 /* CCScheduler.m in Sources */,
				67BBC5A0161B6472002E5CC4 /* CCSprite.m in Sources */,
				67BBC5A3161B6472002E5CC4 /* CCSpriteBatchNode.m in Sources */,
				67BBC5A6161B6472002E5CC4 /* CCSpriteFrame.m in Sources */,
				67BBC5A9161B6472002E5CC4 /* CCSpriteFrameCache.m in Sources */,
				67BBC5AC161B6473002E5CC4 /* CCTexture2D.m in Sources */,
				67BBC5AF161B6473002E5CC4 /* CCTextureAtlas.m in Sources */,
				67BBC5B2161B6473002E5CC4 /* CCTextureCache.m in Sources */,
				67BBC5B5161B6473002E5CC4 /* CCTexturePVR.m in Sources */,
				67BBC5B8161B6473002E5CC4 /* CCTileMapAtlas.m in Sources */,
				67BBC5BB161B6473002E5CC4 /* CCTMXLayer.m in Sources */,
				67BBC5BE161B6473002E5CC4 /* CCTMXObjectGroup.m in Sources */,
				67BBC5C1161B6473002E5CC4 /* CCTMXTiledMap.m in Sources */,
				67BBC5C4161B6473002E5CC4 /* CCTMXXMLParser.m in Sources */,
				67BBC5C7161B6473002E5CC4 /* CCTransition.m in Sources */,
				67BBC5CA161B6473002E5CC4 /* CCTransitionPageTurn.m in Sources */,
				67BBC5CD161B6473002E5CC4 /* CCTransitionRadial.m in Sources */,
				67BBC5D1161B6473002E5CC4 /* cocos2d.m in Sources */,
				67BBC5D8161B6473002E5CC4 /* CCDirectorIOS.m in Sources */,
				67BBC5DC161B6473002E5CC4 /* CCTouchDispatcher.m in Sources */,
				67BBC5DF161B6473002E5CC4 /* CCTouchHandler.m in Sources */,
				67BBC5E2161B6473002E5CC4 /* EAGLView.m in Sources */,
				67BBC5E5161B6473002E5CC4 /* ES1Renderer.m in Sources */,
				67BBC5E8161B6473002E5CC4 /* glu.c in Sources */,
				67BBC5ED161B6473002E5CC4 /* CCDirectorMac.m in Sources */,
				67BBC5F0161B6473002E5CC4 /* CCEventDispatcher.m in Sources */,
				67BBC5F3161B6473002E5CC4 /* MacGLView.m in Sources */,
				67BBC5F6161B6473002E5CC4 /* MacWindow.m in Sources */,
				67BBC5F9161B6473002E5CC4 /* base64.c in Sources */,
				67BBC5FD161B6473002E5CC4 /* CCArray.m in Sources */,
				67BBC601161B6473002E5CC4 /* CCFileUtils.m in Sources */,
				67BBC604161B6473002E5CC4 /* CCProfiling.m in Sources */,
				67BBC606161B6473002E5CC4 /* ccUtils.c in Sources */,
				67BBC60A161B6473002E5CC4 /* CGPointExtension.m in Sources */,
				67BBC60E161B6473002E5CC4 /* TGAlib.m in Sources */,
				67BBC611161B6473002E5CC4 /* TransformUtils.m in Sources */,
				67BBC616161B6473002E5CC4 /* ZipUtils.m in Sources */,
				67BBC61B161B6473002E5CC4 /* CDAudioManager.m in Sources */,
				67BBC61F161B6473002E5CC4 /* CDOpenALSupport.m in Sources */,
				67BBC622161B6473002E5CC4 /* CocosDenshion.m in Sources */,
				67BBC625161B6473002E5CC4 /* SimpleAudioEngine.m in Sources */,
				67BBC62A161B6473002E5CC4 /* CLScoreServerPost.m in Sources */,
				67BBC62D161B6473002E5CC4 /* CLScoreServerRequest.m in Sources */,
				67BBC630161B6473002E5CC4 /* cocoslive.m in Sources */,
				67BBC635161B6473002E5CC4 /* CDataScanner.m in Sources */,
				67BBC639161B6473002E5CC4 /* CDataScanner_Extensions.m in Sources */,
				67BBC63C161B6473002E5CC4 /* NSDictionary_JSONExtensions.m in Sources */,
				67BBC640161B6473002E5CC4 /* CJSONDeserializer.m in Sources */,
				67BBC643161B6473002E5CC4 /* CJSONScanner.m in Sources */,
				67BBC646161B6473002E5CC4 /* CJSONSerializer.m in Sources */,
				67BBC64B161B6473002E5CC4 /* FontLabel.m in Sources */,
				67BBC64E161B6473002E5CC4 /* FontLabelStringDrawing.m in Sources */,
				67BBC651161B6473002E5CC4 /* FontManager.m in Sources */,
				67BBC654161B6473002E5CC4 /* ZAttributedString.m in Sources */,
				67BBC658161B6473002E5CC4 /* ZFont.m in Sources */,
				67BBC65D161B6473002E5CC4 /* main.m in Sources */,
				67BBC660161B6473002E5CC4 /* AppDelegate.m in Sources */,
				67BBC663161B6473002E5CC4 /* RootViewController.m in Sources */,
				67BBC666161B6473002E5CC4 /* HelloWorldLayer.m in Sources */,
			);
			runOnlyForDeploymentPostprocessing = 0;
		};
/* End PBXSourcesBuildPhase section */

/* Begin PBXVariantGroup section */
		67BBC671161B6668002E5CC4 /* Localizable.strings */ = {
			isa = PBXVariantGroup;
			children = (
				67BBC672161B6668002E5CC4 /* en */,
				67BBC678161B6671002E5CC4 /* es */,
			);
			name = Localizable.strings;
			sourceTree = "<group>";
		};
		67BBC673161B6668002E5CC4 /* logo.png */ = {
			isa = PBXVariantGroup;
			children = (
				67BBC674161B6668002E5CC4 /* en */,
				67BBC679161B6671002E5CC4 /* es */,
			);
			name = logo.png;
			sourceTree = "<group>";
		};
/* End PBXVariantGroup section */

/* Begin XCBuildConfiguration section */
		67BBC668161B6473002E5CC4 /* Debug */ = {
			isa = XCBuildConfiguration;
			buildSettings = {
				ARCHS = "$(ARCHS_STANDARD_32_BIT)";
				"CODE_SIGN_IDENTITY[sdk=iphoneos*]" = "iPhone Developer";
				GCC_C_LANGUAGE_STANDARD = gnu99;
				GCC_OPTIMIZATION_LEVEL = 0;
				GCC_PREPROCESSOR_DEFINITIONS = (
					DEBUG,
					"COCOS2D_DEBUG=1",
				);
				GCC_SYMBOLS_PRIVATE_EXTERN = NO;
				GCC_VERSION = com.apple.compilers.llvmgcc42;
				GCC_WARN_ABOUT_RETURN_TYPE = YES;
				GCC_WARN_UNUSED_VARIABLE = YES;
				IPHONEOS_DEPLOYMENT_TARGET = 6.0;
				SDKROOT = iphoneos;
			};
			name = Debug;
		};
		67BBC669161B6473002E5CC4 /* Release */ = {
			isa = XCBuildConfiguration;
			buildSettings = {
				ARCHS = "$(ARCHS_STANDARD_32_BIT)";
				"CODE_SIGN_IDENTITY[sdk=iphoneos*]" = "iPhone Developer";
				GCC_C_LANGUAGE_STANDARD = gnu99;
				GCC_PREPROCESSOR_DEFINITIONS = NDEBUG;
				GCC_VERSION = com.apple.compilers.llvmgcc42;
				GCC_WARN_ABOUT_RETURN_TYPE = YES;
				GCC_WARN_UNUSED_VARIABLE = YES;
				IPHONEOS_DEPLOYMENT_TARGET = 6.0;
				OTHER_CFLAGS = "-DNS_BLOCK_ASSERTIONS=1";
				SDKROOT = iphoneos;
			};
			name = Release;
		};
		67BBC66B161B6473002E5CC4 /* Debug */ = {
			isa = XCBuildConfiguration;
			buildSettings = {
				ALWAYS_SEARCH_USER_PATHS = NO;
				COPY_PHASE_STRIP = NO;
				GCC_DYNAMIC_NO_PIC = NO;
				GCC_PRECOMPILE_PREFIX_HEADER = YES;
				GCC_PREFIX_HEADER = LocalizedCocos2dExample/Prefix.pch;
				"GCC_THUMB_SUPPORT[arch=armv6]" = "";
				INFOPLIST_FILE = LocalizedCocos2dExample/Resources/Info.plist;
				OTHER_LDFLAGS = "-lz";
				PRODUCT_NAME = "$(TARGET_NAME)";
				WRAPPER_EXTENSION = app;
			};
			name = Debug;
		};
		67BBC66C161B6473002E5CC4 /* Release */ = {
			isa = XCBuildConfiguration;
			buildSettings = {
				ALWAYS_SEARCH_USER_PATHS = NO;
				COPY_PHASE_STRIP = YES;
				GCC_PRECOMPILE_PREFIX_HEADER = YES;
				GCC_PREFIX_HEADER = LocalizedCocos2dExample/Prefix.pch;
				"GCC_THUMB_SUPPORT[arch=armv6]" = "";
				INFOPLIST_FILE = LocalizedCocos2dExample/Resources/Info.plist;
				OTHER_LDFLAGS = "-lz";
				PRODUCT_NAME = "$(TARGET_NAME)";
				VALIDATE_PRODUCT = YES;
				WRAPPER_EXTENSION = app;
			};
			name = Release;
		};
/* End XCBuildConfiguration section */

/* Begin XCConfigurationList section */
		67BBC4EF161B6472002E5CC4 /* Build configuration list for PBXProject "LocalizedCocos2dExample" */ = {
			isa = XCConfigurationList;
			buildConfigurations = (
				67BBC668161B6473002E5CC4 /* Debug */,
				67BBC669161B6473002E5CC4 /* Release */,
			);
			defaultConfigurationIsVisible = 0;
			defaultConfigurationName = Release;
		};
		67BBC66A161B6473002E5CC4 /* Build configuration list for PBXNativeTarget "LocalizedCocos2dExample" */ = {
			isa = XCConfigurationList;
			buildConfigurations = (
				67BBC66B161B6473002E5CC4 /* Debug */,
				67BBC66C161B6473002E5CC4 /* Release */,
			);
			defaultConfigurationIsVisible = 0;
			defaultConfigurationName = Release;
		};
/* End XCConfigurationList section */
	};
	rootObject = 67BBC4EC161B6472002E5CC4 /* Project object */;
}
